// !$*UTF8*$!
{
	archiveVersion = 1;
	classes = {
	};
	objectVersion = 46;
	objects = {

/* Begin PBXBuildFile section */
		1773453B19910FA70038F304 /* JLDate.swift in Sources */ = {isa = PBXBuildFile; fileRef = 1773453A19910FA70038F304 /* JLDate.swift */; };
		1773453C19910FB80038F304 /* JLDate.swift in Sources */ = {isa = PBXBuildFile; fileRef = 1773453A19910FA70038F304 /* JLDate.swift */; };
		1773453E199112900038F304 /* JLDateTests.swift in Sources */ = {isa = PBXBuildFile; fileRef = 1773453D199112900038F304 /* JLDateTests.swift */; };
		17734541199122CA0038F304 /* MileageStoreMock.swift in Sources */ = {isa = PBXBuildFile; fileRef = 1773453F199122CA0038F304 /* MileageStoreMock.swift */; };
		17734542199122CA0038F304 /* RockerCellMock.swift in Sources */ = {isa = PBXBuildFile; fileRef = 17734540199122CA0038F304 /* RockerCellMock.swift */; };
		178F085C199BFE83000448F9 /* RunView.swift in Sources */ = {isa = PBXBuildFile; fileRef = 178F085B199BFE83000448F9 /* RunView.swift */; };
		178F085E199BFF0E000448F9 /* CoreLocation.framework in Frameworks */ = {isa = PBXBuildFile; fileRef = 178F085D199BFF0E000448F9 /* CoreLocation.framework */; };
		1798393E1989371D0047F859 /* AppDelegate.swift in Sources */ = {isa = PBXBuildFile; fileRef = 1798392D1989371D0047F859 /* AppDelegate.swift */; };
		179839401989371D0047F859 /* GlobalTheme.swift in Sources */ = {isa = PBXBuildFile; fileRef = 179839301989371D0047F859 /* GlobalTheme.swift */; };
		179839411989371D0047F859 /* Images.xcassets in Resources */ = {isa = PBXBuildFile; fileRef = 179839311989371D0047F859 /* Images.xcassets */; };
		179839431989371D0047F859 /* JogLog.xcdatamodeld in Sources */ = {isa = PBXBuildFile; fileRef = 179839331989371D0047F859 /* JogLog.xcdatamodeld */; };
		179839441989371D0047F859 /* Mileage.swift in Sources */ = {isa = PBXBuildFile; fileRef = 179839351989371D0047F859 /* Mileage.swift */; };
		179839461989371D0047F859 /* MileageStore.swift in Sources */ = {isa = PBXBuildFile; fileRef = 179839371989371D0047F859 /* MileageStore.swift */; };
		179839481989371D0047F859 /* RockerCell.swift in Sources */ = {isa = PBXBuildFile; fileRef = 179839391989371D0047F859 /* RockerCell.swift */; };
		179839491989371D0047F859 /* RockerStepper.swift in Sources */ = {isa = PBXBuildFile; fileRef = 1798393A1989371D0047F859 /* RockerStepper.swift */; };
		1798394A1989371D0047F859 /* SummaryCell.swift in Sources */ = {isa = PBXBuildFile; fileRef = 1798393B1989371D0047F859 /* SummaryCell.swift */; };
		1798394B1989371D0047F859 /* ViewController.swift in Sources */ = {isa = PBXBuildFile; fileRef = 1798393C1989371D0047F859 /* ViewController.swift */; };
		1798394C1989371D0047F859 /* WeekHeader.swift in Sources */ = {isa = PBXBuildFile; fileRef = 1798393D1989371D0047F859 /* WeekHeader.swift */; };
		17983951198A86320047F859 /* Main.storyboard in Resources */ = {isa = PBXBuildFile; fileRef = 1798392E1989371D0047F859 /* Main.storyboard */; };
		17983953198C2CE30047F859 /* HelpView.swift in Sources */ = {isa = PBXBuildFile; fileRef = 17983952198C2CE30047F859 /* HelpView.swift */; };
		17AF16B6198FCD9F00565322 /* JogLogTests.swift in Sources */ = {isa = PBXBuildFile; fileRef = 17AF16B4198FCD9F00565322 /* JogLogTests.swift */; };
		17AF16B8198FD80B00565322 /* RockerCellTests.swift in Sources */ = {isa = PBXBuildFile; fileRef = 17AF16B7198FD80B00565322 /* RockerCellTests.swift */; };
		17AF16B9198FD99F00565322 /* RockerCell.swift in Sources */ = {isa = PBXBuildFile; fileRef = 179839391989371D0047F859 /* RockerCell.swift */; };
		17AF16BA198FE64300565322 /* RockerStepper.swift in Sources */ = {isa = PBXBuildFile; fileRef = 1798393A1989371D0047F859 /* RockerStepper.swift */; };
		17AF16BB198FEC6F00565322 /* HelpView.swift in Sources */ = {isa = PBXBuildFile; fileRef = 17983952198C2CE30047F859 /* HelpView.swift */; };
		17AF16BC198FEC6F00565322 /* AppDelegate.swift in Sources */ = {isa = PBXBuildFile; fileRef = 1798392D1989371D0047F859 /* AppDelegate.swift */; };
		17AF16BD198FEC6F00565322 /* GlobalTheme.swift in Sources */ = {isa = PBXBuildFile; fileRef = 179839301989371D0047F859 /* GlobalTheme.swift */; };
		17AF16BE198FEC6F00565322 /* Images.xcassets in Sources */ = {isa = PBXBuildFile; fileRef = 179839311989371D0047F859 /* Images.xcassets */; };
		17AF16BF198FEC6F00565322 /* Info.plist in Sources */ = {isa = PBXBuildFile; fileRef = 179839321989371D0047F859 /* Info.plist */; };
		17AF16C0198FEC6F00565322 /* JogLog.xcdatamodeld in Sources */ = {isa = PBXBuildFile; fileRef = 179839331989371D0047F859 /* JogLog.xcdatamodeld */; };
		17AF16C1198FEC6F00565322 /* Mileage.swift in Sources */ = {isa = PBXBuildFile; fileRef = 179839351989371D0047F859 /* Mileage.swift */; };
		17AF16C3198FEC6F00565322 /* MileageStore.swift in Sources */ = {isa = PBXBuildFile; fileRef = 179839371989371D0047F859 /* MileageStore.swift */; };
		17AF16C5198FEC6F00565322 /* SummaryCell.swift in Sources */ = {isa = PBXBuildFile; fileRef = 1798393B1989371D0047F859 /* SummaryCell.swift */; };
		17AF16C6198FEC6F00565322 /* ViewController.swift in Sources */ = {isa = PBXBuildFile; fileRef = 1798393C1989371D0047F859 /* ViewController.swift */; };
		17AF16C7198FEC6F00565322 /* WeekHeader.swift in Sources */ = {isa = PBXBuildFile; fileRef = 1798393D1989371D0047F859 /* WeekHeader.swift */; };
		17D5F2CF199A4B7E00D9AF80 /* NoteView.swift in Sources */ = {isa = PBXBuildFile; fileRef = 17D5F2CE199A4B7E00D9AF80 /* NoteView.swift */; };
/* End PBXBuildFile section */

/* Begin PBXContainerItemProxy section */
		178151CD1972F1240029EB87 /* PBXContainerItemProxy */ = {
			isa = PBXContainerItemProxy;
			containerPortal = 178151AF1972F1240029EB87 /* Project object */;
			proxyType = 1;
			remoteGlobalIDString = 178151B61972F1240029EB87;
			remoteInfo = Rocker1;
		};
/* End PBXContainerItemProxy section */

/* Begin PBXFileReference section */
		1773453A19910FA70038F304 /* JLDate.swift */ = {isa = PBXFileReference; fileEncoding = 4; lastKnownFileType = sourcecode.swift; path = JLDate.swift; sourceTree = "<group>"; };
		1773453D199112900038F304 /* JLDateTests.swift */ = {isa = PBXFileReference; fileEncoding = 4; lastKnownFileType = sourcecode.swift; name = JLDateTests.swift; path = JogLogTests/JLDateTests.swift; sourceTree = SOURCE_ROOT; };
		1773453F199122CA0038F304 /* MileageStoreMock.swift */ = {isa = PBXFileReference; fileEncoding = 4; lastKnownFileType = sourcecode.swift; path = MileageStoreMock.swift; sourceTree = "<group>"; };
		17734540199122CA0038F304 /* RockerCellMock.swift */ = {isa = PBXFileReference; fileEncoding = 4; lastKnownFileType = sourcecode.swift; path = RockerCellMock.swift; sourceTree = "<group>"; };
		178151B71972F1240029EB87 /* JogLog.app */ = {isa = PBXFileReference; explicitFileType = wrapper.application; includeInIndex = 0; path = JogLog.app; sourceTree = BUILT_PRODUCTS_DIR; };
		178151CC1972F1240029EB87 /* JogLogTests.xctest */ = {isa = PBXFileReference; explicitFileType = wrapper.cfbundle; includeInIndex = 0; path = JogLogTests.xctest; sourceTree = BUILT_PRODUCTS_DIR; };
		178D50ED1981AEE000173703 /* Rocker1-Bridging-Header.h */ = {isa = PBXFileReference; fileEncoding = 4; lastKnownFileType = sourcecode.c.h; path = "Rocker1-Bridging-Header.h"; sourceTree = "<group>"; };
		178F085B199BFE83000448F9 /* RunView.swift */ = {isa = PBXFileReference; fileEncoding = 4; lastKnownFileType = sourcecode.swift; path = RunView.swift; sourceTree = "<group>"; };
		178F085D199BFF0E000448F9 /* CoreLocation.framework */ = {isa = PBXFileReference; lastKnownFileType = wrapper.framework; name = CoreLocation.framework; path = System/Library/Frameworks/CoreLocation.framework; sourceTree = SDKROOT; };
		1798392D1989371D0047F859 /* AppDelegate.swift */ = {isa = PBXFileReference; fileEncoding = 4; lastKnownFileType = sourcecode.swift; path = AppDelegate.swift; sourceTree = "<group>"; };
		1798392F1989371D0047F859 /* Base */ = {isa = PBXFileReference; lastKnownFileType = file.storyboard; name = Base; path = Base.lproj/Main.storyboard; sourceTree = "<group>"; };
		179839301989371D0047F859 /* GlobalTheme.swift */ = {isa = PBXFileReference; fileEncoding = 4; lastKnownFileType = sourcecode.swift; path = GlobalTheme.swift; sourceTree = "<group>"; };
		179839311989371D0047F859 /* Images.xcassets */ = {isa = PBXFileReference; lastKnownFileType = folder.assetcatalog; path = Images.xcassets; sourceTree = "<group>"; };
		179839321989371D0047F859 /* Info.plist */ = {isa = PBXFileReference; fileEncoding = 4; lastKnownFileType = text.plist.xml; path = Info.plist; sourceTree = "<group>"; };
		179839341989371D0047F859 /* JogLog.xcdatamodel */ = {isa = PBXFileReference; lastKnownFileType = wrapper.xcdatamodel; path = JogLog.xcdatamodel; sourceTree = "<group>"; };
		179839351989371D0047F859 /* Mileage.swift */ = {isa = PBXFileReference; fileEncoding = 4; lastKnownFileType = sourcecode.swift; path = Mileage.swift; sourceTree = "<group>"; };
		179839371989371D0047F859 /* MileageStore.swift */ = {isa = PBXFileReference; fileEncoding = 4; lastKnownFileType = sourcecode.swift; path = MileageStore.swift; sourceTree = "<group>"; };
		179839391989371D0047F859 /* RockerCell.swift */ = {isa = PBXFileReference; fileEncoding = 4; lastKnownFileType = sourcecode.swift; path = RockerCell.swift; sourceTree = "<group>"; };
		1798393A1989371D0047F859 /* RockerStepper.swift */ = {isa = PBXFileReference; fileEncoding = 4; lastKnownFileType = sourcecode.swift; path = RockerStepper.swift; sourceTree = "<group>"; };
		1798393B1989371D0047F859 /* SummaryCell.swift */ = {isa = PBXFileReference; fileEncoding = 4; lastKnownFileType = sourcecode.swift; path = SummaryCell.swift; sourceTree = "<group>"; };
		1798393C1989371D0047F859 /* ViewController.swift */ = {isa = PBXFileReference; fileEncoding = 4; lastKnownFileType = sourcecode.swift; path = ViewController.swift; sourceTree = "<group>"; };
		1798393D1989371D0047F859 /* WeekHeader.swift */ = {isa = PBXFileReference; fileEncoding = 4; lastKnownFileType = sourcecode.swift; path = WeekHeader.swift; sourceTree = "<group>"; };
		17983952198C2CE30047F859 /* HelpView.swift */ = {isa = PBXFileReference; fileEncoding = 4; lastKnownFileType = sourcecode.swift; path = HelpView.swift; sourceTree = "<group>"; };
		17AF16B3198FCD9F00565322 /* Info.plist */ = {isa = PBXFileReference; fileEncoding = 4; lastKnownFileType = text.plist.xml; path = Info.plist; sourceTree = "<group>"; };
		17AF16B4198FCD9F00565322 /* JogLogTests.swift */ = {isa = PBXFileReference; fileEncoding = 4; lastKnownFileType = sourcecode.swift; path = JogLogTests.swift; sourceTree = "<group>"; };
		17AF16B7198FD80B00565322 /* RockerCellTests.swift */ = {isa = PBXFileReference; fileEncoding = 4; lastKnownFileType = sourcecode.swift; path = RockerCellTests.swift; sourceTree = "<group>"; };
		17D5F2CE199A4B7E00D9AF80 /* NoteView.swift */ = {isa = PBXFileReference; fileEncoding = 4; lastKnownFileType = sourcecode.swift; path = NoteView.swift; sourceTree = "<group>"; };
/* End PBXFileReference section */

/* Begin PBXFrameworksBuildPhase section */
		178151B41972F1240029EB87 /* Frameworks */ = {
			isa = PBXFrameworksBuildPhase;
			buildActionMask = 2147483647;
			files = (
				178F085E199BFF0E000448F9 /* CoreLocation.framework in Frameworks */,
			);
			runOnlyForDeploymentPostprocessing = 0;
		};
		178151C91972F1240029EB87 /* Frameworks */ = {
			isa = PBXFrameworksBuildPhase;
			buildActionMask = 2147483647;
			files = (
			);
			runOnlyForDeploymentPostprocessing = 0;
		};
/* End PBXFrameworksBuildPhase section */

/* Begin PBXGroup section */
		178151AE1972F1240029EB87 = {
			isa = PBXGroup;
			children = (
				178F085D199BFF0E000448F9 /* CoreLocation.framework */,
				1798392C1989371D0047F859 /* JogLog */,
				178D50ED1981AEE000173703 /* Rocker1-Bridging-Header.h */,
				17AF16B2198FCD9F00565322 /* JogLogTests */,
				178151B81972F1240029EB87 /* Products */,
			);
			sourceTree = "<group>";
		};
		178151B81972F1240029EB87 /* Products */ = {
			isa = PBXGroup;
			children = (
				178151B71972F1240029EB87 /* JogLog.app */,
				178151CC1972F1240029EB87 /* JogLogTests.xctest */,
			);
			name = Products;
			sourceTree = "<group>";
		};
		1798392C1989371D0047F859 /* JogLog */ = {
			isa = PBXGroup;
			children = (
				178F085B199BFE83000448F9 /* RunView.swift */,
				17D5F2CE199A4B7E00D9AF80 /* NoteView.swift */,
				1773453A19910FA70038F304 /* JLDate.swift */,
				17983952198C2CE30047F859 /* HelpView.swift */,
				1798392D1989371D0047F859 /* AppDelegate.swift */,
				1798392E1989371D0047F859 /* Main.storyboard */,
				179839301989371D0047F859 /* GlobalTheme.swift */,
				179839311989371D0047F859 /* Images.xcassets */,
				179839321989371D0047F859 /* Info.plist */,
				179839331989371D0047F859 /* JogLog.xcdatamodeld */,
				179839351989371D0047F859 /* Mileage.swift */,
				179839371989371D0047F859 /* MileageStore.swift */,
				179839391989371D0047F859 /* RockerCell.swift */,
				1798393A1989371D0047F859 /* RockerStepper.swift */,
				1798393B1989371D0047F859 /* SummaryCell.swift */,
				1798393C1989371D0047F859 /* ViewController.swift */,
				1798393D1989371D0047F859 /* WeekHeader.swift */,
			);
			path = JogLog;
			sourceTree = "<group>";
		};
		17AF16B2198FCD9F00565322 /* JogLogTests */ = {
			isa = PBXGroup;
			children = (
				1773453F199122CA0038F304 /* MileageStoreMock.swift */,
				17734540199122CA0038F304 /* RockerCellMock.swift */,
				1773453D199112900038F304 /* JLDateTests.swift */,
				17AF16B3198FCD9F00565322 /* Info.plist */,
				17AF16B4198FCD9F00565322 /* JogLogTests.swift */,
				17AF16B7198FD80B00565322 /* RockerCellTests.swift */,
			);
			path = JogLogTests;
			sourceTree = "<group>";
		};
/* End PBXGroup section */

/* Begin PBXNativeTarget section */
		178151B61972F1240029EB87 /* JogLog */ = {
			isa = PBXNativeTarget;
			buildConfigurationList = 178151D61972F1240029EB87 /* Build configuration list for PBXNativeTarget "JogLog" */;
			buildPhases = (
				178151B31972F1240029EB87 /* Sources */,
				178151B41972F1240029EB87 /* Frameworks */,
				178151B51972F1240029EB87 /* Resources */,
			);
			buildRules = (
			);
			dependencies = (
			);
			name = JogLog;
			productName = Rocker1;
			productReference = 178151B71972F1240029EB87 /* JogLog.app */;
			productType = "com.apple.product-type.application";
		};
		178151CB1972F1240029EB87 /* JogLogTests */ = {
			isa = PBXNativeTarget;
			buildConfigurationList = 178151D91972F1240029EB87 /* Build configuration list for PBXNativeTarget "JogLogTests" */;
			buildPhases = (
				178151C81972F1240029EB87 /* Sources */,
				178151C91972F1240029EB87 /* Frameworks */,
				178151CA1972F1240029EB87 /* Resources */,
			);
			buildRules = (
			);
			dependencies = (
				178151CE1972F1240029EB87 /* PBXTargetDependency */,
			);
			name = JogLogTests;
			productName = Rocker1Tests;
			productReference = 178151CC1972F1240029EB87 /* JogLogTests.xctest */;
			productType = "com.apple.product-type.bundle.unit-test";
		};
/* End PBXNativeTarget section */

/* Begin PBXProject section */
		178151AF1972F1240029EB87 /* Project object */ = {
			isa = PBXProject;
			attributes = {
				LastUpgradeCheck = 0600;
				ORGANIZATIONNAME = "Kevin Hankens";
				TargetAttributes = {
					178151B61972F1240029EB87 = {
						CreatedOnToolsVersion = 6.0;
						DevelopmentTeam = 4CV5ERH6SG;
					};
					178151CB1972F1240029EB87 = {
						CreatedOnToolsVersion = 6.0;
						TestTargetID = 178151B61972F1240029EB87;
					};
				};
			};
			buildConfigurationList = 178151B21972F1240029EB87 /* Build configuration list for PBXProject "JogLog" */;
			compatibilityVersion = "Xcode 3.2";
			developmentRegion = English;
			hasScannedForEncodings = 0;
			knownRegions = (
				en,
				Base,
			);
			mainGroup = 178151AE1972F1240029EB87;
			productRefGroup = 178151B81972F1240029EB87 /* Products */;
			projectDirPath = "";
			projectRoot = "";
			targets = (
				178151B61972F1240029EB87 /* JogLog */,
				178151CB1972F1240029EB87 /* JogLogTests */,
			);
		};
/* End PBXProject section */

/* Begin PBXResourcesBuildPhase section */
		178151B51972F1240029EB87 /* Resources */ = {
			isa = PBXResourcesBuildPhase;
			buildActionMask = 2147483647;
			files = (
				179839411989371D0047F859 /* Images.xcassets in Resources */,
				17983951198A86320047F859 /* Main.storyboard in Resources */,
			);
			runOnlyForDeploymentPostprocessing = 0;
		};
		178151CA1972F1240029EB87 /* Resources */ = {
			isa = PBXResourcesBuildPhase;
			buildActionMask = 2147483647;
			files = (
			);
			runOnlyForDeploymentPostprocessing = 0;
		};
/* End PBXResourcesBuildPhase section */

/* Begin PBXSourcesBuildPhase section */
		178151B31972F1240029EB87 /* Sources */ = {
			isa = PBXSourcesBuildPhase;
			buildActionMask = 2147483647;
			files = (
				1798394C1989371D0047F859 /* WeekHeader.swift in Sources */,
				17983953198C2CE30047F859 /* HelpView.swift in Sources */,
				179839461989371D0047F859 /* MileageStore.swift in Sources */,
				1798394A1989371D0047F859 /* SummaryCell.swift in Sources */,
				1798394B1989371D0047F859 /* ViewController.swift in Sources */,
				179839491989371D0047F859 /* RockerStepper.swift in Sources */,
				179839431989371D0047F859 /* JogLog.xcdatamodeld in Sources */,
				1773453C19910FB80038F304 /* JLDate.swift in Sources */,
				179839401989371D0047F859 /* GlobalTheme.swift in Sources */,
				1798393E1989371D0047F859 /* AppDelegate.swift in Sources */,
				179839481989371D0047F859 /* RockerCell.swift in Sources */,
				179839441989371D0047F859 /* Mileage.swift in Sources */,
				178F085C199BFE83000448F9 /* RunView.swift in Sources */,
				17D5F2CF199A4B7E00D9AF80 /* NoteView.swift in Sources */,
			);
			runOnlyForDeploymentPostprocessing = 0;
		};
		178151C81972F1240029EB87 /* Sources */ = {
			isa = PBXSourcesBuildPhase;
			buildActionMask = 2147483647;
			files = (
				17AF16BB198FEC6F00565322 /* HelpView.swift in Sources */,
				17AF16BC198FEC6F00565322 /* AppDelegate.swift in Sources */,
				17AF16BD198FEC6F00565322 /* GlobalTheme.swift in Sources */,
				17AF16BE198FEC6F00565322 /* Images.xcassets in Sources */,
				17AF16BF198FEC6F00565322 /* Info.plist in Sources */,
				17AF16C0198FEC6F00565322 /* JogLog.xcdatamodeld in Sources */,
				17AF16C1198FEC6F00565322 /* Mileage.swift in Sources */,
				17AF16C3198FEC6F00565322 /* MileageStore.swift in Sources */,
				17AF16C5198FEC6F00565322 /* SummaryCell.swift in Sources */,
				17AF16C6198FEC6F00565322 /* ViewController.swift in Sources */,
				1773453B19910FA70038F304 /* JLDate.swift in Sources */,
				17AF16C7198FEC6F00565322 /* WeekHeader.swift in Sources */,
				17AF16BA198FE64300565322 /* RockerStepper.swift in Sources */,
				17AF16B9198FD99F00565322 /* RockerCell.swift in Sources */,
				17734542199122CA0038F304 /* RockerCellMock.swift in Sources */,
				17AF16B6198FCD9F00565322 /* JogLogTests.swift in Sources */,
				17AF16B8198FD80B00565322 /* RockerCellTests.swift in Sources */,
				17734541199122CA0038F304 /* MileageStoreMock.swift in Sources */,
				1773453E199112900038F304 /* JLDateTests.swift in Sources */,
			);
			runOnlyForDeploymentPostprocessing = 0;
		};
/* End PBXSourcesBuildPhase section */

/* Begin PBXTargetDependency section */
		178151CE1972F1240029EB87 /* PBXTargetDependency */ = {
			isa = PBXTargetDependency;
			target = 178151B61972F1240029EB87 /* JogLog */;
			targetProxy = 178151CD1972F1240029EB87 /* PBXContainerItemProxy */;
		};
/* End PBXTargetDependency section */

/* Begin PBXVariantGroup section */
		1798392E1989371D0047F859 /* Main.storyboard */ = {
			isa = PBXVariantGroup;
			children = (
				1798392F1989371D0047F859 /* Base */,
			);
			name = Main.storyboard;
			sourceTree = "<group>";
		};
/* End PBXVariantGroup section */

/* Begin XCBuildConfiguration section */
		178151D41972F1240029EB87 /* Debug */ = {
			isa = XCBuildConfiguration;
			buildSettings = {
				ALWAYS_SEARCH_USER_PATHS = NO;
				CLANG_CXX_LANGUAGE_STANDARD = "gnu++0x";
				CLANG_CXX_LIBRARY = "libc++";
				CLANG_ENABLE_MODULES = YES;
				CLANG_ENABLE_OBJC_ARC = YES;
				CLANG_WARN_BOOL_CONVERSION = YES;
				CLANG_WARN_CONSTANT_CONVERSION = YES;
				CLANG_WARN_DIRECT_OBJC_ISA_USAGE = YES_ERROR;
				CLANG_WARN_EMPTY_BODY = YES;
				CLANG_WARN_ENUM_CONVERSION = YES;
				CLANG_WARN_INT_CONVERSION = YES;
				CLANG_WARN_OBJC_ROOT_CLASS = YES_ERROR;
				CLANG_WARN_UNREACHABLE_CODE = YES;
				CLANG_WARN__DUPLICATE_METHOD_MATCH = YES;
				"CODE_SIGN_IDENTITY[sdk=iphoneos*]" = "iPhone Developer";
				COPY_PHASE_STRIP = NO;
				ENABLE_STRICT_OBJC_MSGSEND = YES;
				GCC_C_LANGUAGE_STANDARD = gnu99;
				GCC_DYNAMIC_NO_PIC = NO;
				GCC_OPTIMIZATION_LEVEL = 0;
				GCC_PREPROCESSOR_DEFINITIONS = (
					"DEBUG=1",
					"$(inherited)",
				);
				GCC_SYMBOLS_PRIVATE_EXTERN = NO;
				GCC_WARN_64_TO_32_BIT_CONVERSION = YES;
				GCC_WARN_ABOUT_RETURN_TYPE = YES_ERROR;
				GCC_WARN_UNDECLARED_SELECTOR = YES;
				GCC_WARN_UNINITIALIZED_AUTOS = YES_AGGRESSIVE;
				GCC_WARN_UNUSED_FUNCTION = YES;
				GCC_WARN_UNUSED_VARIABLE = YES;
				IPHONEOS_DEPLOYMENT_TARGET = 8.0;
				MTL_ENABLE_DEBUG_INFO = YES;
				ONLY_ACTIVE_ARCH = YES;
				SDKROOT = iphoneos;
				SWIFT_OPTIMIZATION_LEVEL = "-Onone";
				TARGETED_DEVICE_FAMILY = "1,2";
			};
			name = Debug;
		};
		178151D51972F1240029EB87 /* Release */ = {
			isa = XCBuildConfiguration;
			buildSettings = {
				ALWAYS_SEARCH_USER_PATHS = NO;
				CLANG_CXX_LANGUAGE_STANDARD = "gnu++0x";
				CLANG_CXX_LIBRARY = "libc++";
				CLANG_ENABLE_MODULES = YES;
				CLANG_ENABLE_OBJC_ARC = YES;
				CLANG_WARN_BOOL_CONVERSION = YES;
				CLANG_WARN_CONSTANT_CONVERSION = YES;
				CLANG_WARN_DIRECT_OBJC_ISA_USAGE = YES_ERROR;
				CLANG_WARN_EMPTY_BODY = YES;
				CLANG_WARN_ENUM_CONVERSION = YES;
				CLANG_WARN_INT_CONVERSION = YES;
				CLANG_WARN_OBJC_ROOT_CLASS = YES_ERROR;
				CLANG_WARN_UNREACHABLE_CODE = YES;
				CLANG_WARN__DUPLICATE_METHOD_MATCH = YES;
				"CODE_SIGN_IDENTITY[sdk=iphoneos*]" = "iPhone Developer";
				COPY_PHASE_STRIP = YES;
				ENABLE_NS_ASSERTIONS = NO;
				ENABLE_STRICT_OBJC_MSGSEND = YES;
				GCC_C_LANGUAGE_STANDARD = gnu99;
				GCC_WARN_64_TO_32_BIT_CONVERSION = YES;
				GCC_WARN_ABOUT_RETURN_TYPE = YES_ERROR;
				GCC_WARN_UNDECLARED_SELECTOR = YES;
				GCC_WARN_UNINITIALIZED_AUTOS = YES_AGGRESSIVE;
				GCC_WARN_UNUSED_FUNCTION = YES;
				GCC_WARN_UNUSED_VARIABLE = YES;
				IPHONEOS_DEPLOYMENT_TARGET = 8.0;
				MTL_ENABLE_DEBUG_INFO = NO;
				SDKROOT = iphoneos;
				TARGETED_DEVICE_FAMILY = "1,2";
				VALIDATE_PRODUCT = YES;
			};
			name = Release;
		};
		178151D71972F1240029EB87 /* Debug */ = {
			isa = XCBuildConfiguration;
			buildSettings = {
				ASSETCATALOG_COMPILER_APPICON_NAME = AppIcon;
				ASSETCATALOG_COMPILER_LAUNCHIMAGE_NAME = LaunchImage;
				CLANG_ENABLE_MODULES = YES;
				CODE_SIGN_IDENTITY = "iPhone Developer";
				"CODE_SIGN_IDENTITY[sdk=iphoneos*]" = "iPhone Developer";
				DEFINES_MODULE = NO;
				INFOPLIST_FILE = Rocker1/Info.plist;
				"INFOPLIST_FILE[sdk=*]" = JogLog/Info.plist;
				IPHONEOS_DEPLOYMENT_TARGET = 7.1;
				LD_RUNPATH_SEARCH_PATHS = "$(inherited) @executable_path/Frameworks";
				PRODUCT_NAME = JogLog;
				PROVISIONING_PROFILE = "";
				SWIFT_OBJC_BRIDGING_HEADER = "Rocker1-Bridging-Header.h";
				SWIFT_OPTIMIZATION_LEVEL = "-Onone";
			};
			name = Debug;
		};
		178151D81972F1240029EB87 /* Release */ = {
			isa = XCBuildConfiguration;
			buildSettings = {
				ASSETCATALOG_COMPILER_APPICON_NAME = AppIcon;
				ASSETCATALOG_COMPILER_LAUNCHIMAGE_NAME = LaunchImage;
				CLANG_ENABLE_MODULES = YES;
				CODE_SIGN_IDENTITY = "iPhone Developer";
				"CODE_SIGN_IDENTITY[sdk=iphoneos*]" = "iPhone Developer";
				DEFINES_MODULE = NO;
				INFOPLIST_FILE = Rocker1/Info.plist;
				"INFOPLIST_FILE[sdk=*]" = JogLog/Info.plist;
				IPHONEOS_DEPLOYMENT_TARGET = 7.1;
				LD_RUNPATH_SEARCH_PATHS = "$(inherited) @executable_path/Frameworks";
				PRODUCT_NAME = JogLog;
				PROVISIONING_PROFILE = "";
				SWIFT_OBJC_BRIDGING_HEADER = "Rocker1-Bridging-Header.h";
			};
			name = Release;
		};
		178151DA1972F1240029EB87 /* Debug */ = {
			isa = XCBuildConfiguration;
			buildSettings = {
				FRAMEWORK_SEARCH_PATHS = (
					"$(SDKROOT)/Developer/Library/Frameworks",
					"$(inherited)",
				);
				GCC_PREPROCESSOR_DEFINITIONS = (
					"DEBUG=1",
					"$(inherited)",
				);
				INFOPLIST_FILE = JogLogTests/Info.plist;
				LD_RUNPATH_SEARCH_PATHS = "$(inherited) @executable_path/Frameworks @loader_path/Frameworks";
				PRODUCT_NAME = JogLogTests;
				STRIP_STYLE = "non-global";
				TEST_HOST = "$(BUNDLE_LOADER)";
			};
			name = Debug;
		};
		178151DB1972F1240029EB87 /* Release */ = {
			isa = XCBuildConfiguration;
			buildSettings = {
				FRAMEWORK_SEARCH_PATHS = (
					"$(SDKROOT)/Developer/Library/Frameworks",
					"$(inherited)",
				);
				INFOPLIST_FILE = JogLogTests/Info.plist;
				LD_RUNPATH_SEARCH_PATHS = "$(inherited) @executable_path/Frameworks @loader_path/Frameworks";
				PRODUCT_NAME = JogLogTests;
				STRIP_STYLE = "non-global";
				TEST_HOST = "$(BUNDLE_LOADER)";
			};
			name = Release;
		};
/* End XCBuildConfiguration section */

/* Begin XCConfigurationList section */
		178151B21972F1240029EB87 /* Build configuration list for PBXProject "JogLog" */ = {
			isa = XCConfigurationList;
			buildConfigurations = (
				178151D41972F1240029EB87 /* Debug */,
				178151D51972F1240029EB87 /* Release */,
			);
			defaultConfigurationIsVisible = 0;
			defaultConfigurationName = Release;
		};
		178151D61972F1240029EB87 /* Build configuration list for PBXNativeTarget "JogLog" */ = {
			isa = XCConfigurationList;
			buildConfigurations = (
				178151D71972F1240029EB87 /* Debug */,
				178151D81972F1240029EB87 /* Release */,
			);
			defaultConfigurationIsVisible = 0;
			defaultConfigurationName = Release;
		};
		178151D91972F1240029EB87 /* Build configuration list for PBXNativeTarget "JogLogTests" */ = {
			isa = XCConfigurationList;
			buildConfigurations = (
				178151DA1972F1240029EB87 /* Debug */,
				178151DB1972F1240029EB87 /* Release */,
			);
			defaultConfigurationIsVisible = 0;
			defaultConfigurationName = Release;
		};
/* End XCConfigurationList section */

/* Begin XCVersionGroup section */
		179839331989371D0047F859 /* JogLog.xcdatamodeld */ = {
			isa = XCVersionGroup;
			children = (
				179839341989371D0047F859 /* JogLog.xcdatamodel */,
			);
			currentVersion = 179839341989371D0047F859 /* JogLog.xcdatamodel */;
			path = JogLog.xcdatamodeld;
			sourceTree = "<group>";
			versionGroupType = wrapper.xcdatamodel;
		};
/* End XCVersionGroup section */
	};
	rootObject = 178151AF1972F1240029EB87 /* Project object */;
}
