// !$*UTF8*$!
{
	archiveVersion = 1;
	classes = {
	};
	objectVersion = 46;
	objects = {

/* Begin PBXBuildFile section */
		174004B3197963170083199E /* WeekHeader.swift in Sources */ = {isa = PBXBuildFile; fileRef = 174004B2197963170083199E /* WeekHeader.swift */; };
		178151BD1972F1240029EB87 /* AppDelegate.swift in Sources */ = {isa = PBXBuildFile; fileRef = 178151BC1972F1240029EB87 /* AppDelegate.swift */; };
		178151C01972F1240029EB87 /* Rocker1.xcdatamodeld in Sources */ = {isa = PBXBuildFile; fileRef = 178151BE1972F1240029EB87 /* Rocker1.xcdatamodeld */; };
		178151C21972F1240029EB87 /* ViewController.swift in Sources */ = {isa = PBXBuildFile; fileRef = 178151C11972F1240029EB87 /* ViewController.swift */; };
		178151C51972F1240029EB87 /* Main.storyboard in Resources */ = {isa = PBXBuildFile; fileRef = 178151C31972F1240029EB87 /* Main.storyboard */; };
		178151C71972F1240029EB87 /* Images.xcassets in Resources */ = {isa = PBXBuildFile; fileRef = 178151C61972F1240029EB87 /* Images.xcassets */; };
		178151D31972F1240029EB87 /* Rocker1Tests.swift in Sources */ = {isa = PBXBuildFile; fileRef = 178151D21972F1240029EB87 /* Rocker1Tests.swift */; };
		178151DD1972F16B0029EB87 /* RockerCell.swift in Sources */ = {isa = PBXBuildFile; fileRef = 178151DC1972F16B0029EB87 /* RockerCell.swift */; };
		178151DF197423140029EB87 /* RockerStepper.swift in Sources */ = {isa = PBXBuildFile; fileRef = 178151DE197423140029EB87 /* RockerStepper.swift */; };
		178151EA197590230029EB87 /* Mileage.swift in Sources */ = {isa = PBXBuildFile; fileRef = 178151E9197590230029EB87 /* Mileage.swift */; };
		178151ED1976E26A0029EB87 /* MileageStore.swift in Sources */ = {isa = PBXBuildFile; fileRef = 178151EC1976E26A0029EB87 /* MileageStore.swift */; };
/* End PBXBuildFile section */

/* Begin PBXContainerItemProxy section */
		178151CD1972F1240029EB87 /* PBXContainerItemProxy */ = {
			isa = PBXContainerItemProxy;
			containerPortal = 178151AF1972F1240029EB87 /* Project object */;
			proxyType = 1;
			remoteGlobalIDString = 178151B61972F1240029EB87;
			remoteInfo = Rocker1;
		};
/* End PBXContainerItemProxy section */

/* Begin PBXFileReference section */
		174004B2197963170083199E /* WeekHeader.swift */ = {isa = PBXFileReference; fileEncoding = 4; lastKnownFileType = sourcecode.swift; path = WeekHeader.swift; sourceTree = "<group>"; };
		178151B71972F1240029EB87 /* Rocker1.app */ = {isa = PBXFileReference; explicitFileType = wrapper.application; includeInIndex = 0; path = Rocker1.app; sourceTree = BUILT_PRODUCTS_DIR; };
		178151BB1972F1240029EB87 /* Info.plist */ = {isa = PBXFileReference; lastKnownFileType = text.plist.xml; path = Info.plist; sourceTree = "<group>"; };
		178151BC1972F1240029EB87 /* AppDelegate.swift */ = {isa = PBXFileReference; lastKnownFileType = sourcecode.swift; path = AppDelegate.swift; sourceTree = "<group>"; };
		178151BF1972F1240029EB87 /* Rocker1.xcdatamodel */ = {isa = PBXFileReference; lastKnownFileType = wrapper.xcdatamodel; path = Rocker1.xcdatamodel; sourceTree = "<group>"; };
		178151C11972F1240029EB87 /* ViewController.swift */ = {isa = PBXFileReference; lastKnownFileType = sourcecode.swift; path = ViewController.swift; sourceTree = "<group>"; };
		178151C41972F1240029EB87 /* Base */ = {isa = PBXFileReference; lastKnownFileType = file.storyboard; name = Base; path = Base.lproj/Main.storyboard; sourceTree = "<group>"; };
		178151C61972F1240029EB87 /* Images.xcassets */ = {isa = PBXFileReference; lastKnownFileType = folder.assetcatalog; path = Images.xcassets; sourceTree = "<group>"; };
		178151CC1972F1240029EB87 /* Rocker1Tests.xctest */ = {isa = PBXFileReference; explicitFileType = wrapper.cfbundle; includeInIndex = 0; path = Rocker1Tests.xctest; sourceTree = BUILT_PRODUCTS_DIR; };
		178151D11972F1240029EB87 /* Info.plist */ = {isa = PBXFileReference; lastKnownFileType = text.plist.xml; path = Info.plist; sourceTree = "<group>"; };
		178151D21972F1240029EB87 /* Rocker1Tests.swift */ = {isa = PBXFileReference; lastKnownFileType = sourcecode.swift; path = Rocker1Tests.swift; sourceTree = "<group>"; };
		178151DC1972F16B0029EB87 /* RockerCell.swift */ = {isa = PBXFileReference; fileEncoding = 4; lastKnownFileType = sourcecode.swift; path = RockerCell.swift; sourceTree = "<group>"; };
		178151DE197423140029EB87 /* RockerStepper.swift */ = {isa = PBXFileReference; fileEncoding = 4; lastKnownFileType = sourcecode.swift; path = RockerStepper.swift; sourceTree = "<group>"; };
		178151E9197590230029EB87 /* Mileage.swift */ = {isa = PBXFileReference; fileEncoding = 4; lastKnownFileType = sourcecode.swift; path = Mileage.swift; sourceTree = "<group>"; };
		178151EB1975969D0029EB87 /* Rocker1-Bridging-Header.h */ = {isa = PBXFileReference; fileEncoding = 4; lastKnownFileType = sourcecode.c.h; path = "Rocker1-Bridging-Header.h"; sourceTree = "<group>"; };
		178151EC1976E26A0029EB87 /* MileageStore.swift */ = {isa = PBXFileReference; fileEncoding = 4; lastKnownFileType = sourcecode.swift; path = MileageStore.swift; sourceTree = "<group>"; };
		178151EE19771A9E0029EB87 /* MyPlayground.playground */ = {isa = PBXFileReference; lastKnownFileType = file.playground; path = MyPlayground.playground; sourceTree = "<group>"; };
/* End PBXFileReference section */

/* Begin PBXFrameworksBuildPhase section */
		178151B41972F1240029EB87 /* Frameworks */ = {
			isa = PBXFrameworksBuildPhase;
			buildActionMask = 2147483647;
			files = (
			);
			runOnlyForDeploymentPostprocessing = 0;
		};
		178151C91972F1240029EB87 /* Frameworks */ = {
			isa = PBXFrameworksBuildPhase;
			buildActionMask = 2147483647;
			files = (
			);
			runOnlyForDeploymentPostprocessing = 0;
		};
/* End PBXFrameworksBuildPhase section */

/* Begin PBXGroup section */
		178151AE1972F1240029EB87 = {
			isa = PBXGroup;
			children = (
				174004B2197963170083199E /* WeekHeader.swift */,
				178151EE19771A9E0029EB87 /* MyPlayground.playground */,
				178151EC1976E26A0029EB87 /* MileageStore.swift */,
				178151EB1975969D0029EB87 /* Rocker1-Bridging-Header.h */,
				178151DE197423140029EB87 /* RockerStepper.swift */,
				178151B91972F1240029EB87 /* Rocker1 */,
				178151CF1972F1240029EB87 /* Rocker1Tests */,
				178151B81972F1240029EB87 /* Products */,
			);
			sourceTree = "<group>";
		};
		178151B81972F1240029EB87 /* Products */ = {
			isa = PBXGroup;
			children = (
				178151B71972F1240029EB87 /* Rocker1.app */,
				178151CC1972F1240029EB87 /* Rocker1Tests.xctest */,
			);
			name = Products;
			sourceTree = "<group>";
		};
		178151B91972F1240029EB87 /* Rocker1 */ = {
			isa = PBXGroup;
			children = (
				178151BC1972F1240029EB87 /* AppDelegate.swift */,
				178151C11972F1240029EB87 /* ViewController.swift */,
				178151C31972F1240029EB87 /* Main.storyboard */,
				178151E9197590230029EB87 /* Mileage.swift */,
				178151DC1972F16B0029EB87 /* RockerCell.swift */,
				178151C61972F1240029EB87 /* Images.xcassets */,
				178151BE1972F1240029EB87 /* Rocker1.xcdatamodeld */,
				178151BA1972F1240029EB87 /* Supporting Files */,
			);
			path = Rocker1;
			sourceTree = "<group>";
		};
		178151BA1972F1240029EB87 /* Supporting Files */ = {
			isa = PBXGroup;
			children = (
				178151BB1972F1240029EB87 /* Info.plist */,
			);
			name = "Supporting Files";
			sourceTree = "<group>";
		};
		178151CF1972F1240029EB87 /* Rocker1Tests */ = {
			isa = PBXGroup;
			children = (
				178151D21972F1240029EB87 /* Rocker1Tests.swift */,
				178151D01972F1240029EB87 /* Supporting Files */,
			);
			path = Rocker1Tests;
			sourceTree = "<group>";
		};
		178151D01972F1240029EB87 /* Supporting Files */ = {
			isa = PBXGroup;
			children = (
				178151D11972F1240029EB87 /* Info.plist */,
			);
			name = "Supporting Files";
			sourceTree = "<group>";
		};
/* End PBXGroup section */

/* Begin PBXNativeTarget section */
		178151B61972F1240029EB87 /* Rocker1 */ = {
			isa = PBXNativeTarget;
			buildConfigurationList = 178151D61972F1240029EB87 /* Build configuration list for PBXNativeTarget "Rocker1" */;
			buildPhases = (
				178151B31972F1240029EB87 /* Sources */,
				178151B41972F1240029EB87 /* Frameworks */,
				178151B51972F1240029EB87 /* Resources */,
			);
			buildRules = (
			);
			dependencies = (
			);
			name = Rocker1;
			productName = Rocker1;
			productReference = 178151B71972F1240029EB87 /* Rocker1.app */;
			productType = "com.apple.product-type.application";
		};
		178151CB1972F1240029EB87 /* Rocker1Tests */ = {
			isa = PBXNativeTarget;
			buildConfigurationList = 178151D91972F1240029EB87 /* Build configuration list for PBXNativeTarget "Rocker1Tests" */;
			buildPhases = (
				178151C81972F1240029EB87 /* Sources */,
				178151C91972F1240029EB87 /* Frameworks */,
				178151CA1972F1240029EB87 /* Resources */,
			);
			buildRules = (
			);
			dependencies = (
				178151CE1972F1240029EB87 /* PBXTargetDependency */,
			);
			name = Rocker1Tests;
			productName = Rocker1Tests;
			productReference = 178151CC1972F1240029EB87 /* Rocker1Tests.xctest */;
			productType = "com.apple.product-type.bundle.unit-test";
		};
/* End PBXNativeTarget section */

/* Begin PBXProject section */
		178151AF1972F1240029EB87 /* Project object */ = {
			isa = PBXProject;
			attributes = {
				LastUpgradeCheck = 0600;
				ORGANIZATIONNAME = "Kevin Hankens";
				TargetAttributes = {
					178151B61972F1240029EB87 = {
						CreatedOnToolsVersion = 6.0;
					};
					178151CB1972F1240029EB87 = {
						CreatedOnToolsVersion = 6.0;
						TestTargetID = 178151B61972F1240029EB87;
					};
				};
			};
			buildConfigurationList = 178151B21972F1240029EB87 /* Build configuration list for PBXProject "Rocker1" */;
			compatibilityVersion = "Xcode 3.2";
			developmentRegion = English;
			hasScannedForEncodings = 0;
			knownRegions = (
				en,
				Base,
			);
			mainGroup = 178151AE1972F1240029EB87;
			productRefGroup = 178151B81972F1240029EB87 /* Products */;
			projectDirPath = "";
			projectRoot = "";
			targets = (
				178151B61972F1240029EB87 /* Rocker1 */,
				178151CB1972F1240029EB87 /* Rocker1Tests */,
			);
		};
/* End PBXProject section */

/* Begin PBXResourcesBuildPhase section */
		178151B51972F1240029EB87 /* Resources */ = {
			isa = PBXResourcesBuildPhase;
			buildActionMask = 2147483647;
			files = (
				178151C51972F1240029EB87 /* Main.storyboard in Resources */,
				178151C71972F1240029EB87 /* Images.xcassets in Resources */,
			);
			runOnlyForDeploymentPostprocessing = 0;
		};
		178151CA1972F1240029EB87 /* Resources */ = {
			isa = PBXResourcesBuildPhase;
			buildActionMask = 2147483647;
			files = (
			);
			runOnlyForDeploymentPostprocessing = 0;
		};
/* End PBXResourcesBuildPhase section */

/* Begin PBXSourcesBuildPhase section */
		178151B31972F1240029EB87 /* Sources */ = {
			isa = PBXSourcesBuildPhase;
			buildActionMask = 2147483647;
			files = (
				174004B3197963170083199E /* WeekHeader.swift in Sources */,
				178151C21972F1240029EB87 /* ViewController.swift in Sources */,
				178151DD1972F16B0029EB87 /* RockerCell.swift in Sources */,
				178151ED1976E26A0029EB87 /* MileageStore.swift in Sources */,
				178151BD1972F1240029EB87 /* AppDelegate.swift in Sources */,
				178151C01972F1240029EB87 /* Rocker1.xcdatamodeld in Sources */,
				178151EA197590230029EB87 /* Mileage.swift in Sources */,
				178151DF197423140029EB87 /* RockerStepper.swift in Sources */,
			);
			runOnlyForDeploymentPostprocessing = 0;
		};
		178151C81972F1240029EB87 /* Sources */ = {
			isa = PBXSourcesBuildPhase;
			buildActionMask = 2147483647;
			files = (
				178151D31972F1240029EB87 /* Rocker1Tests.swift in Sources */,
			);
			runOnlyForDeploymentPostprocessing = 0;
		};
/* End PBXSourcesBuildPhase section */

/* Begin PBXTargetDependency section */
		178151CE1972F1240029EB87 /* PBXTargetDependency */ = {
			isa = PBXTargetDependency;
			target = 178151B61972F1240029EB87 /* Rocker1 */;
			targetProxy = 178151CD1972F1240029EB87 /* PBXContainerItemProxy */;
		};
/* End PBXTargetDependency section */

/* Begin PBXVariantGroup section */
		178151C31972F1240029EB87 /* Main.storyboard */ = {
			isa = PBXVariantGroup;
			children = (
				178151C41972F1240029EB87 /* Base */,
			);
			name = Main.storyboard;
			sourceTree = "<group>";
		};
/* End PBXVariantGroup section */

/* Begin XCBuildConfiguration section */
		178151D41972F1240029EB87 /* Debug */ = {
			isa = XCBuildConfiguration;
			buildSettings = {
				ALWAYS_SEARCH_USER_PATHS = NO;
				CLANG_CXX_LANGUAGE_STANDARD = "gnu++0x";
				CLANG_CXX_LIBRARY = "libc++";
				CLANG_ENABLE_MODULES = YES;
				CLANG_ENABLE_OBJC_ARC = YES;
				CLANG_WARN_BOOL_CONVERSION = YES;
				CLANG_WARN_CONSTANT_CONVERSION = YES;
				CLANG_WARN_DIRECT_OBJC_ISA_USAGE = YES_ERROR;
				CLANG_WARN_EMPTY_BODY = YES;
				CLANG_WARN_ENUM_CONVERSION = YES;
				CLANG_WARN_INT_CONVERSION = YES;
				CLANG_WARN_OBJC_ROOT_CLASS = YES_ERROR;
				CLANG_WARN_UNREACHABLE_CODE = YES;
				CLANG_WARN__DUPLICATE_METHOD_MATCH = YES;
				"CODE_SIGN_IDENTITY[sdk=iphoneos*]" = "iPhone Developer";
				COPY_PHASE_STRIP = NO;
				ENABLE_STRICT_OBJC_MSGSEND = YES;
				GCC_C_LANGUAGE_STANDARD = gnu99;
				GCC_DYNAMIC_NO_PIC = NO;
				GCC_OPTIMIZATION_LEVEL = 0;
				GCC_PREPROCESSOR_DEFINITIONS = (
					"DEBUG=1",
					"$(inherited)",
				);
				GCC_SYMBOLS_PRIVATE_EXTERN = NO;
				GCC_WARN_64_TO_32_BIT_CONVERSION = YES;
				GCC_WARN_ABOUT_RETURN_TYPE = YES_ERROR;
				GCC_WARN_UNDECLARED_SELECTOR = YES;
				GCC_WARN_UNINITIALIZED_AUTOS = YES_AGGRESSIVE;
				GCC_WARN_UNUSED_FUNCTION = YES;
				GCC_WARN_UNUSED_VARIABLE = YES;
				IPHONEOS_DEPLOYMENT_TARGET = 8.0;
				MTL_ENABLE_DEBUG_INFO = YES;
				ONLY_ACTIVE_ARCH = YES;
				SDKROOT = iphoneos;
				SWIFT_OPTIMIZATION_LEVEL = "-Onone";
				TARGETED_DEVICE_FAMILY = "1,2";
			};
			name = Debug;
		};
		178151D51972F1240029EB87 /* Release */ = {
			isa = XCBuildConfiguration;
			buildSettings = {
				ALWAYS_SEARCH_USER_PATHS = NO;
				CLANG_CXX_LANGUAGE_STANDARD = "gnu++0x";
				CLANG_CXX_LIBRARY = "libc++";
				CLANG_ENABLE_MODULES = YES;
				CLANG_ENABLE_OBJC_ARC = YES;
				CLANG_WARN_BOOL_CONVERSION = YES;
				CLANG_WARN_CONSTANT_CONVERSION = YES;
				CLANG_WARN_DIRECT_OBJC_ISA_USAGE = YES_ERROR;
				CLANG_WARN_EMPTY_BODY = YES;
				CLANG_WARN_ENUM_CONVERSION = YES;
				CLANG_WARN_INT_CONVERSION = YES;
				CLANG_WARN_OBJC_ROOT_CLASS = YES_ERROR;
				CLANG_WARN_UNREACHABLE_CODE = YES;
				CLANG_WARN__DUPLICATE_METHOD_MATCH = YES;
				"CODE_SIGN_IDENTITY[sdk=iphoneos*]" = "iPhone Developer";
				COPY_PHASE_STRIP = YES;
				ENABLE_NS_ASSERTIONS = NO;
				ENABLE_STRICT_OBJC_MSGSEND = YES;
				GCC_C_LANGUAGE_STANDARD = gnu99;
				GCC_WARN_64_TO_32_BIT_CONVERSION = YES;
				GCC_WARN_ABOUT_RETURN_TYPE = YES_ERROR;
				GCC_WARN_UNDECLARED_SELECTOR = YES;
				GCC_WARN_UNINITIALIZED_AUTOS = YES_AGGRESSIVE;
				GCC_WARN_UNUSED_FUNCTION = YES;
				GCC_WARN_UNUSED_VARIABLE = YES;
				IPHONEOS_DEPLOYMENT_TARGET = 8.0;
				MTL_ENABLE_DEBUG_INFO = NO;
				SDKROOT = iphoneos;
				TARGETED_DEVICE_FAMILY = "1,2";
				VALIDATE_PRODUCT = YES;
			};
			name = Release;
		};
		178151D71972F1240029EB87 /* Debug */ = {
			isa = XCBuildConfiguration;
			buildSettings = {
				ASSETCATALOG_COMPILER_APPICON_NAME = AppIcon;
				ASSETCATALOG_COMPILER_LAUNCHIMAGE_NAME = LaunchImage;
				CLANG_ENABLE_MODULES = YES;
				INFOPLIST_FILE = Rocker1/Info.plist;
				LD_RUNPATH_SEARCH_PATHS = "$(inherited) @executable_path/Frameworks";
				PRODUCT_NAME = "$(TARGET_NAME)";
				SWIFT_OBJC_BRIDGING_HEADER = "Rocker1-Bridging-Header.h";
				SWIFT_OPTIMIZATION_LEVEL = "-Onone";
			};
			name = Debug;
		};
		178151D81972F1240029EB87 /* Release */ = {
			isa = XCBuildConfiguration;
			buildSettings = {
				ASSETCATALOG_COMPILER_APPICON_NAME = AppIcon;
				ASSETCATALOG_COMPILER_LAUNCHIMAGE_NAME = LaunchImage;
				CLANG_ENABLE_MODULES = YES;
				INFOPLIST_FILE = Rocker1/Info.plist;
				LD_RUNPATH_SEARCH_PATHS = "$(inherited) @executable_path/Frameworks";
				PRODUCT_NAME = "$(TARGET_NAME)";
				SWIFT_OBJC_BRIDGING_HEADER = "Rocker1-Bridging-Header.h";
			};
			name = Release;
		};
		178151DA1972F1240029EB87 /* Debug */ = {
			isa = XCBuildConfiguration;
			buildSettings = {
				BUNDLE_LOADER = "$(BUILT_PRODUCTS_DIR)/Rocker1.app/Rocker1";
				FRAMEWORK_SEARCH_PATHS = (
					"$(SDKROOT)/Developer/Library/Frameworks",
					"$(inherited)",
				);
				GCC_PREPROCESSOR_DEFINITIONS = (
					"DEBUG=1",
					"$(inherited)",
				);
				INFOPLIST_FILE = Rocker1Tests/Info.plist;
				LD_RUNPATH_SEARCH_PATHS = "$(inherited) @executable_path/Frameworks @loader_path/Frameworks";
				PRODUCT_NAME = "$(TARGET_NAME)";
				TEST_HOST = "$(BUNDLE_LOADER)";
			};
			name = Debug;
		};
		178151DB1972F1240029EB87 /* Release */ = {
			isa = XCBuildConfiguration;
			buildSettings = {
				BUNDLE_LOADER = "$(BUILT_PRODUCTS_DIR)/Rocker1.app/Rocker1";
				FRAMEWORK_SEARCH_PATHS = (
					"$(SDKROOT)/Developer/Library/Frameworks",
					"$(inherited)",
				);
				INFOPLIST_FILE = Rocker1Tests/Info.plist;
				LD_RUNPATH_SEARCH_PATHS = "$(inherited) @executable_path/Frameworks @loader_path/Frameworks";
				PRODUCT_NAME = "$(TARGET_NAME)";
				TEST_HOST = "$(BUNDLE_LOADER)";
			};
			name = Release;
		};
/* End XCBuildConfiguration section */

/* Begin XCConfigurationList section */
		178151B21972F1240029EB87 /* Build configuration list for PBXProject "Rocker1" */ = {
			isa = XCConfigurationList;
			buildConfigurations = (
				178151D41972F1240029EB87 /* Debug */,
				178151D51972F1240029EB87 /* Release */,
			);
			defaultConfigurationIsVisible = 0;
			defaultConfigurationName = Release;
		};
		178151D61972F1240029EB87 /* Build configuration list for PBXNativeTarget "Rocker1" */ = {
			isa = XCConfigurationList;
			buildConfigurations = (
				178151D71972F1240029EB87 /* Debug */,
				178151D81972F1240029EB87 /* Release */,
			);
			defaultConfigurationIsVisible = 0;
			defaultConfigurationName = Release;
		};
		178151D91972F1240029EB87 /* Build configuration list for PBXNativeTarget "Rocker1Tests" */ = {
			isa = XCConfigurationList;
			buildConfigurations = (
				178151DA1972F1240029EB87 /* Debug */,
				178151DB1972F1240029EB87 /* Release */,
			);
			defaultConfigurationIsVisible = 0;
			defaultConfigurationName = Release;
		};
/* End XCConfigurationList section */

/* Begin XCVersionGroup section */
		178151BE1972F1240029EB87 /* Rocker1.xcdatamodeld */ = {
			isa = XCVersionGroup;
			children = (
				178151BF1972F1240029EB87 /* Rocker1.xcdatamodel */,
			);
			currentVersion = 178151BF1972F1240029EB87 /* Rocker1.xcdatamodel */;
			path = Rocker1.xcdatamodeld;
			sourceTree = "<group>";
			versionGroupType = wrapper.xcdatamodel;
		};
/* End XCVersionGroup section */
	};
	rootObject = 178151AF1972F1240029EB87 /* Project object */;
}
