// !$*UTF8*$!
{
	archiveVersion = 1;
	classes = {
	};
	objectVersion = 46;
	objects = {

/* Begin PBXBuildFile section */
		17068D4219E5CA4D002A5821 /* RouteStoreMock.swift in Sources */ = {isa = PBXBuildFile; fileRef = 17068D4119E5CA4D002A5821 /* RouteStoreMock.swift */; };
		17068D4419E5CDA6002A5821 /* RouteSummaryTests.swift in Sources */ = {isa = PBXBuildFile; fileRef = 17068D4319E5CDA6002A5821 /* RouteSummaryTests.swift */; };
		17435937199E783D000472AF /* Route.swift in Sources */ = {isa = PBXBuildFile; fileRef = 17435936199E783D000472AF /* Route.swift */; };
		17435939199E799F000472AF /* RouteStore.swift in Sources */ = {isa = PBXBuildFile; fileRef = 17435938199E799F000472AF /* RouteStore.swift */; };
		1743593B19A239E1000472AF /* RouteViewController.swift in Sources */ = {isa = PBXBuildFile; fileRef = 1743593A19A239E1000472AF /* RouteViewController.swift */; };
		174B7F2C19D23A4000C87345 /* LaunchScreen.storyboard in Resources */ = {isa = PBXBuildFile; fileRef = 174B7F2B19D23A4000C87345 /* LaunchScreen.storyboard */; };
		1773453B19910FA70038F304 /* JLDate.swift in Sources */ = {isa = PBXBuildFile; fileRef = 1773453A19910FA70038F304 /* JLDate.swift */; };
		1773453C19910FB80038F304 /* JLDate.swift in Sources */ = {isa = PBXBuildFile; fileRef = 1773453A19910FA70038F304 /* JLDate.swift */; };
		1773453E199112900038F304 /* JLDateTests.swift in Sources */ = {isa = PBXBuildFile; fileRef = 1773453D199112900038F304 /* JLDateTests.swift */; };
		17734541199122CA0038F304 /* MileageStoreMock.swift in Sources */ = {isa = PBXBuildFile; fileRef = 1773453F199122CA0038F304 /* MileageStoreMock.swift */; };
		178B2EA81A37541B00021247 /* ConfigViewController.swift in Sources */ = {isa = PBXBuildFile; fileRef = 178B2EA71A37541B00021247 /* ConfigViewController.swift */; };
		178B2EA91A37541B00021247 /* ConfigViewController.swift in Sources */ = {isa = PBXBuildFile; fileRef = 178B2EA71A37541B00021247 /* ConfigViewController.swift */; };
		178F085C199BFE83000448F9 /* RunView.swift in Sources */ = {isa = PBXBuildFile; fileRef = 178F085B199BFE83000448F9 /* RunView.swift */; };
		178F085E199BFF0E000448F9 /* CoreLocation.framework in Frameworks */ = {isa = PBXBuildFile; fileRef = 178F085D199BFF0E000448F9 /* CoreLocation.framework */; };
		1798393E1989371D0047F859 /* AppDelegate.swift in Sources */ = {isa = PBXBuildFile; fileRef = 1798392D1989371D0047F859 /* AppDelegate.swift */; };
		179839401989371D0047F859 /* GlobalTheme.swift in Sources */ = {isa = PBXBuildFile; fileRef = 179839301989371D0047F859 /* GlobalTheme.swift */; };
		179839411989371D0047F859 /* Images.xcassets in Resources */ = {isa = PBXBuildFile; fileRef = 179839311989371D0047F859 /* Images.xcassets */; };
		179839431989371D0047F859 /* Runalysis.xcdatamodeld in Sources */ = {isa = PBXBuildFile; fileRef = 179839331989371D0047F859 /* Runalysis.xcdatamodeld */; };
		179839441989371D0047F859 /* Mileage.swift in Sources */ = {isa = PBXBuildFile; fileRef = 179839351989371D0047F859 /* Mileage.swift */; };
		179839461989371D0047F859 /* MileageStore.swift in Sources */ = {isa = PBXBuildFile; fileRef = 179839371989371D0047F859 /* MileageStore.swift */; };
		1798394B1989371D0047F859 /* ViewController.swift in Sources */ = {isa = PBXBuildFile; fileRef = 1798393C1989371D0047F859 /* ViewController.swift */; };
		1798394C1989371D0047F859 /* WeekHeader.swift in Sources */ = {isa = PBXBuildFile; fileRef = 1798393D1989371D0047F859 /* WeekHeader.swift */; };
		17983951198A86320047F859 /* Main.storyboard in Resources */ = {isa = PBXBuildFile; fileRef = 1798392E1989371D0047F859 /* Main.storyboard */; };
		17983953198C2CE30047F859 /* HelpView.swift in Sources */ = {isa = PBXBuildFile; fileRef = 17983952198C2CE30047F859 /* HelpView.swift */; };
		1798483019BF36D100571D35 /* RouteAnalysisView.swift in Sources */ = {isa = PBXBuildFile; fileRef = 1798482F19BF36D100571D35 /* RouteAnalysisView.swift */; };
		1798483219C7DB5A00571D35 /* VelocityDistributionView.swift in Sources */ = {isa = PBXBuildFile; fileRef = 1798483119C7DB5A00571D35 /* VelocityDistributionView.swift */; };
		1798483419C8D9B600571D35 /* MileSummaryView.swift in Sources */ = {isa = PBXBuildFile; fileRef = 1798483319C8D9B600571D35 /* MileSummaryView.swift */; };
		17A49DCA19B7B9C1002DAC82 /* RouteSummary.swift in Sources */ = {isa = PBXBuildFile; fileRef = 17A49DC919B7B9C1002DAC82 /* RouteSummary.swift */; };
		17AF16B6198FCD9F00565322 /* RunalysisTests.swift in Sources */ = {isa = PBXBuildFile; fileRef = 17AF16B4198FCD9F00565322 /* RunalysisTests.swift */; };
		17AF16BB198FEC6F00565322 /* HelpView.swift in Sources */ = {isa = PBXBuildFile; fileRef = 17983952198C2CE30047F859 /* HelpView.swift */; };
		17AF16BC198FEC6F00565322 /* AppDelegate.swift in Sources */ = {isa = PBXBuildFile; fileRef = 1798392D1989371D0047F859 /* AppDelegate.swift */; };
		17AF16BD198FEC6F00565322 /* GlobalTheme.swift in Sources */ = {isa = PBXBuildFile; fileRef = 179839301989371D0047F859 /* GlobalTheme.swift */; };
		17AF16BE198FEC6F00565322 /* Images.xcassets in Sources */ = {isa = PBXBuildFile; fileRef = 179839311989371D0047F859 /* Images.xcassets */; };
		17AF16BF198FEC6F00565322 /* Info.plist in Sources */ = {isa = PBXBuildFile; fileRef = 179839321989371D0047F859 /* Info.plist */; };
		17AF16C0198FEC6F00565322 /* Runalysis.xcdatamodeld in Sources */ = {isa = PBXBuildFile; fileRef = 179839331989371D0047F859 /* Runalysis.xcdatamodeld */; };
		17AF16C1198FEC6F00565322 /* Mileage.swift in Sources */ = {isa = PBXBuildFile; fileRef = 179839351989371D0047F859 /* Mileage.swift */; };
		17AF16C3198FEC6F00565322 /* MileageStore.swift in Sources */ = {isa = PBXBuildFile; fileRef = 179839371989371D0047F859 /* MileageStore.swift */; };
		17AF16C6198FEC6F00565322 /* ViewController.swift in Sources */ = {isa = PBXBuildFile; fileRef = 1798393C1989371D0047F859 /* ViewController.swift */; };
		17AF16C7198FEC6F00565322 /* WeekHeader.swift in Sources */ = {isa = PBXBuildFile; fileRef = 1798393D1989371D0047F859 /* WeekHeader.swift */; };
		17B01BBF19CCF33100031121 /* AltitudeVelocityView.swift in Sources */ = {isa = PBXBuildFile; fileRef = 17B01BBE19CCF33100031121 /* AltitudeVelocityView.swift */; };
		17B01BC119CE5F9800031121 /* NoteViewController.swift in Sources */ = {isa = PBXBuildFile; fileRef = 17B01BC019CE5F9800031121 /* NoteViewController.swift */; };
		17C42C3219D23B2F007DBFCA /* LaunchViewController.swift in Sources */ = {isa = PBXBuildFile; fileRef = 17C42C3119D23B2F007DBFCA /* LaunchViewController.swift */; };
		17C42C3319D31A8E007DBFCA /* RouteStore.swift in Sources */ = {isa = PBXBuildFile; fileRef = 17435938199E799F000472AF /* RouteStore.swift */; };
		17C42C3419D31AEA007DBFCA /* Route.swift in Sources */ = {isa = PBXBuildFile; fileRef = 17435936199E783D000472AF /* Route.swift */; };
		17C42C3519D31AEF007DBFCA /* NoteViewController.swift in Sources */ = {isa = PBXBuildFile; fileRef = 17B01BC019CE5F9800031121 /* NoteViewController.swift */; };
		17C42C3619D31AF2007DBFCA /* MileSummaryView.swift in Sources */ = {isa = PBXBuildFile; fileRef = 1798483319C8D9B600571D35 /* MileSummaryView.swift */; };
		17C42C3719D31AF5007DBFCA /* VelocityDistributionView.swift in Sources */ = {isa = PBXBuildFile; fileRef = 1798483119C7DB5A00571D35 /* VelocityDistributionView.swift */; };
		17C42C3819D31AF8007DBFCA /* RouteAnalysisView.swift in Sources */ = {isa = PBXBuildFile; fileRef = 1798482F19BF36D100571D35 /* RouteAnalysisView.swift */; };
		17C42C3919D31AFB007DBFCA /* RouteSummary.swift in Sources */ = {isa = PBXBuildFile; fileRef = 17A49DC919B7B9C1002DAC82 /* RouteSummary.swift */; };
		17C42C3A19D31AFE007DBFCA /* RoutePoint.swift in Sources */ = {isa = PBXBuildFile; fileRef = 17CE2E0A19A6D12300303598 /* RoutePoint.swift */; };
		17C42C3B19D31B00007DBFCA /* RunViewController.swift in Sources */ = {isa = PBXBuildFile; fileRef = 17CE2E0819A6A04800303598 /* RunViewController.swift */; };
		17C42C3C19D31B03007DBFCA /* RouteView.swift in Sources */ = {isa = PBXBuildFile; fileRef = 17CE2E0619A2490A00303598 /* RouteView.swift */; };
		17C42C3D19D31B06007DBFCA /* RouteViewController.swift in Sources */ = {isa = PBXBuildFile; fileRef = 1743593A19A239E1000472AF /* RouteViewController.swift */; };
		17C42C3E19D31B0D007DBFCA /* RunView.swift in Sources */ = {isa = PBXBuildFile; fileRef = 178F085B199BFE83000448F9 /* RunView.swift */; };
		17C42C3F19D31B0F007DBFCA /* NoteView.swift in Sources */ = {isa = PBXBuildFile; fileRef = 17D5F2CE199A4B7E00D9AF80 /* NoteView.swift */; };
		17C42C4019D31B19007DBFCA /* AltitudeVelocityView.swift in Sources */ = {isa = PBXBuildFile; fileRef = 17B01BBE19CCF33100031121 /* AltitudeVelocityView.swift */; };
		17C42C4119D31B1E007DBFCA /* LaunchViewController.swift in Sources */ = {isa = PBXBuildFile; fileRef = 17C42C3119D23B2F007DBFCA /* LaunchViewController.swift */; };
		17C42C4219D31B82007DBFCA /* CoreLocation.framework in Frameworks */ = {isa = PBXBuildFile; fileRef = 178F085D199BFF0E000448F9 /* CoreLocation.framework */; };
		17C42C4419D47496007DBFCA /* WeekSummaryView.swift in Sources */ = {isa = PBXBuildFile; fileRef = 17C42C4319D47495007DBFCA /* WeekSummaryView.swift */; };
		17C42C4519D47496007DBFCA /* WeekSummaryView.swift in Sources */ = {isa = PBXBuildFile; fileRef = 17C42C4319D47495007DBFCA /* WeekSummaryView.swift */; };
		17C42C4719D49D06007DBFCA /* WeekSummaryCell.swift in Sources */ = {isa = PBXBuildFile; fileRef = 17C42C4619D49D06007DBFCA /* WeekSummaryCell.swift */; };
		17C42C4819D49D06007DBFCA /* WeekSummaryCell.swift in Sources */ = {isa = PBXBuildFile; fileRef = 17C42C4619D49D06007DBFCA /* WeekSummaryCell.swift */; };
		17CE2E0719A2490A00303598 /* RouteView.swift in Sources */ = {isa = PBXBuildFile; fileRef = 17CE2E0619A2490A00303598 /* RouteView.swift */; };
		17CE2E0919A6A04800303598 /* RunViewController.swift in Sources */ = {isa = PBXBuildFile; fileRef = 17CE2E0819A6A04800303598 /* RunViewController.swift */; };
		17CE2E0B19A6D12300303598 /* RoutePoint.swift in Sources */ = {isa = PBXBuildFile; fileRef = 17CE2E0A19A6D12300303598 /* RoutePoint.swift */; };
		17D5F2CF199A4B7E00D9AF80 /* NoteView.swift in Sources */ = {isa = PBXBuildFile; fileRef = 17D5F2CE199A4B7E00D9AF80 /* NoteView.swift */; };
/* End PBXBuildFile section */

/* Begin PBXContainerItemProxy section */
		178151CD1972F1240029EB87 /* PBXContainerItemProxy */ = {
			isa = PBXContainerItemProxy;
			containerPortal = 178151AF1972F1240029EB87 /* Project object */;
			proxyType = 1;
			remoteGlobalIDString = 178151B61972F1240029EB87;
			remoteInfo = Runalysis;
		};
/* End PBXContainerItemProxy section */

/* Begin PBXFileReference section */
		17068D4119E5CA4D002A5821 /* RouteStoreMock.swift */ = {isa = PBXFileReference; fileEncoding = 4; lastKnownFileType = sourcecode.swift; path = RouteStoreMock.swift; sourceTree = "<group>"; };
		17068D4319E5CDA6002A5821 /* RouteSummaryTests.swift */ = {isa = PBXFileReference; fileEncoding = 4; lastKnownFileType = sourcecode.swift; path = RouteSummaryTests.swift; sourceTree = "<group>"; };
		17435936199E783D000472AF /* Route.swift */ = {isa = PBXFileReference; fileEncoding = 4; lastKnownFileType = sourcecode.swift; path = Route.swift; sourceTree = "<group>"; };
		17435938199E799F000472AF /* RouteStore.swift */ = {isa = PBXFileReference; fileEncoding = 4; lastKnownFileType = sourcecode.swift; path = RouteStore.swift; sourceTree = "<group>"; };
		1743593A19A239E1000472AF /* RouteViewController.swift */ = {isa = PBXFileReference; fileEncoding = 4; lastKnownFileType = sourcecode.swift; path = RouteViewController.swift; sourceTree = "<group>"; };
		174B7F2B19D23A4000C87345 /* LaunchScreen.storyboard */ = {isa = PBXFileReference; fileEncoding = 4; lastKnownFileType = file.storyboard; path = LaunchScreen.storyboard; sourceTree = "<group>"; };
		1773453A19910FA70038F304 /* JLDate.swift */ = {isa = PBXFileReference; fileEncoding = 4; lastKnownFileType = sourcecode.swift; path = JLDate.swift; sourceTree = "<group>"; };
		1773453D199112900038F304 /* JLDateTests.swift */ = {isa = PBXFileReference; fileEncoding = 4; lastKnownFileType = sourcecode.swift; name = JLDateTests.swift; path = RunalysisTests/JLDateTests.swift; sourceTree = SOURCE_ROOT; };
		1773453F199122CA0038F304 /* MileageStoreMock.swift */ = {isa = PBXFileReference; fileEncoding = 4; lastKnownFileType = sourcecode.swift; path = MileageStoreMock.swift; sourceTree = "<group>"; };
		178151B71972F1240029EB87 /* Runalysis.app */ = {isa = PBXFileReference; explicitFileType = wrapper.application; includeInIndex = 0; path = Runalysis.app; sourceTree = BUILT_PRODUCTS_DIR; };
		178151CC1972F1240029EB87 /* RunalysisTests.xctest */ = {isa = PBXFileReference; explicitFileType = wrapper.cfbundle; includeInIndex = 0; path = RunalysisTests.xctest; sourceTree = BUILT_PRODUCTS_DIR; };
		178B2EA71A37541B00021247 /* ConfigViewController.swift */ = {isa = PBXFileReference; fileEncoding = 4; lastKnownFileType = sourcecode.swift; path = ConfigViewController.swift; sourceTree = "<group>"; };
		178D50ED1981AEE000173703 /* Runalysis-Bridging-Header.h */ = {isa = PBXFileReference; fileEncoding = 4; lastKnownFileType = sourcecode.c.h; path = "Runalysis-Bridging-Header.h"; sourceTree = "<group>"; };
		178F085B199BFE83000448F9 /* RunView.swift */ = {isa = PBXFileReference; fileEncoding = 4; lastKnownFileType = sourcecode.swift; path = RunView.swift; sourceTree = "<group>"; };
		178F085D199BFF0E000448F9 /* CoreLocation.framework */ = {isa = PBXFileReference; lastKnownFileType = wrapper.framework; name = CoreLocation.framework; path = System/Library/Frameworks/CoreLocation.framework; sourceTree = SDKROOT; };
		1795533E19CB61A3007DC033 /* Runalysis1.xcdatamodel */ = {isa = PBXFileReference; lastKnownFileType = wrapper.xcdatamodel; path = Runalysis1.xcdatamodel; sourceTree = "<group>"; };
		1795533F19CC79AF007DC033 /* Runalysis2.xcdatamodel */ = {isa = PBXFileReference; lastKnownFileType = wrapper.xcdatamodel; path = Runalysis2.xcdatamodel; sourceTree = "<group>"; };
		1798392D1989371D0047F859 /* AppDelegate.swift */ = {isa = PBXFileReference; fileEncoding = 4; lastKnownFileType = sourcecode.swift; path = AppDelegate.swift; sourceTree = "<group>"; };
		1798392F1989371D0047F859 /* Base */ = {isa = PBXFileReference; lastKnownFileType = file.storyboard; name = Base; path = Base.lproj/Main.storyboard; sourceTree = "<group>"; };
		179839301989371D0047F859 /* GlobalTheme.swift */ = {isa = PBXFileReference; fileEncoding = 4; lastKnownFileType = sourcecode.swift; path = GlobalTheme.swift; sourceTree = "<group>"; };
		179839311989371D0047F859 /* Images.xcassets */ = {isa = PBXFileReference; lastKnownFileType = folder.assetcatalog; path = Images.xcassets; sourceTree = "<group>"; };
		179839321989371D0047F859 /* Info.plist */ = {isa = PBXFileReference; fileEncoding = 4; lastKnownFileType = text.plist.xml; path = Info.plist; sourceTree = "<group>"; };
		179839341989371D0047F859 /* Runalysis.xcdatamodel */ = {isa = PBXFileReference; lastKnownFileType = wrapper.xcdatamodel; path = Runalysis.xcdatamodel; sourceTree = "<group>"; };
		179839351989371D0047F859 /* Mileage.swift */ = {isa = PBXFileReference; fileEncoding = 4; lastKnownFileType = sourcecode.swift; path = Mileage.swift; sourceTree = "<group>"; };
		179839371989371D0047F859 /* MileageStore.swift */ = {isa = PBXFileReference; fileEncoding = 4; lastKnownFileType = sourcecode.swift; path = MileageStore.swift; sourceTree = "<group>"; };
		179839391989371D0047F859 /* RockerCell.swift */ = {isa = PBXFileReference; fileEncoding = 4; lastKnownFileType = sourcecode.swift; path = RockerCell.swift; sourceTree = "<group>"; };
		1798393A1989371D0047F859 /* RockerStepper.swift */ = {isa = PBXFileReference; fileEncoding = 4; lastKnownFileType = sourcecode.swift; path = RockerStepper.swift; sourceTree = "<group>"; };
		1798393B1989371D0047F859 /* SummaryCell.swift */ = {isa = PBXFileReference; fileEncoding = 4; lastKnownFileType = sourcecode.swift; path = SummaryCell.swift; sourceTree = "<group>"; };
		1798393C1989371D0047F859 /* ViewController.swift */ = {isa = PBXFileReference; fileEncoding = 4; lastKnownFileType = sourcecode.swift; path = ViewController.swift; sourceTree = "<group>"; };
		1798393D1989371D0047F859 /* WeekHeader.swift */ = {isa = PBXFileReference; fileEncoding = 4; lastKnownFileType = sourcecode.swift; path = WeekHeader.swift; sourceTree = "<group>"; };
		17983952198C2CE30047F859 /* HelpView.swift */ = {isa = PBXFileReference; fileEncoding = 4; lastKnownFileType = sourcecode.swift; path = HelpView.swift; sourceTree = "<group>"; };
		1798482F19BF36D100571D35 /* RouteAnalysisView.swift */ = {isa = PBXFileReference; fileEncoding = 4; lastKnownFileType = sourcecode.swift; path = RouteAnalysisView.swift; sourceTree = "<group>"; };
		1798483119C7DB5A00571D35 /* VelocityDistributionView.swift */ = {isa = PBXFileReference; fileEncoding = 4; lastKnownFileType = sourcecode.swift; path = VelocityDistributionView.swift; sourceTree = "<group>"; };
		1798483319C8D9B600571D35 /* MileSummaryView.swift */ = {isa = PBXFileReference; fileEncoding = 4; lastKnownFileType = sourcecode.swift; path = MileSummaryView.swift; sourceTree = "<group>"; };
		17A49DC919B7B9C1002DAC82 /* RouteSummary.swift */ = {isa = PBXFileReference; fileEncoding = 4; lastKnownFileType = sourcecode.swift; path = RouteSummary.swift; sourceTree = "<group>"; };
		17AF16B3198FCD9F00565322 /* Info.plist */ = {isa = PBXFileReference; fileEncoding = 4; lastKnownFileType = text.plist.xml; path = Info.plist; sourceTree = "<group>"; };
		17AF16B4198FCD9F00565322 /* RunalysisTests.swift */ = {isa = PBXFileReference; fileEncoding = 4; lastKnownFileType = sourcecode.swift; path = RunalysisTests.swift; sourceTree = "<group>"; };
		17B01BBE19CCF33100031121 /* AltitudeVelocityView.swift */ = {isa = PBXFileReference; fileEncoding = 4; lastKnownFileType = sourcecode.swift; path = AltitudeVelocityView.swift; sourceTree = "<group>"; };
		17B01BC019CE5F9800031121 /* NoteViewController.swift */ = {isa = PBXFileReference; fileEncoding = 4; lastKnownFileType = sourcecode.swift; path = NoteViewController.swift; sourceTree = "<group>"; };
		17C42C3119D23B2F007DBFCA /* LaunchViewController.swift */ = {isa = PBXFileReference; fileEncoding = 4; lastKnownFileType = sourcecode.swift; path = LaunchViewController.swift; sourceTree = "<group>"; };
		17C42C4319D47495007DBFCA /* WeekSummaryView.swift */ = {isa = PBXFileReference; fileEncoding = 4; lastKnownFileType = sourcecode.swift; path = WeekSummaryView.swift; sourceTree = "<group>"; };
		17C42C4619D49D06007DBFCA /* WeekSummaryCell.swift */ = {isa = PBXFileReference; fileEncoding = 4; lastKnownFileType = sourcecode.swift; path = WeekSummaryCell.swift; sourceTree = "<group>"; };
		17CE2E0619A2490A00303598 /* RouteView.swift */ = {isa = PBXFileReference; fileEncoding = 4; lastKnownFileType = sourcecode.swift; path = RouteView.swift; sourceTree = "<group>"; };
		17CE2E0819A6A04800303598 /* RunViewController.swift */ = {isa = PBXFileReference; fileEncoding = 4; lastKnownFileType = sourcecode.swift; path = RunViewController.swift; sourceTree = "<group>"; };
		17CE2E0A19A6D12300303598 /* RoutePoint.swift */ = {isa = PBXFileReference; fileEncoding = 4; lastKnownFileType = sourcecode.swift; path = RoutePoint.swift; sourceTree = "<group>"; };
		17D5F2CE199A4B7E00D9AF80 /* NoteView.swift */ = {isa = PBXFileReference; fileEncoding = 4; lastKnownFileType = sourcecode.swift; path = NoteView.swift; sourceTree = "<group>"; };
/* End PBXFileReference section */

/* Begin PBXFrameworksBuildPhase section */
		178151B41972F1240029EB87 /* Frameworks */ = {
			isa = PBXFrameworksBuildPhase;
			buildActionMask = 2147483647;
			files = (
				178F085E199BFF0E000448F9 /* CoreLocation.framework in Frameworks */,
			);
			runOnlyForDeploymentPostprocessing = 0;
		};
		178151C91972F1240029EB87 /* Frameworks */ = {
			isa = PBXFrameworksBuildPhase;
			buildActionMask = 2147483647;
			files = (
				17C42C4219D31B82007DBFCA /* CoreLocation.framework in Frameworks */,
			);
			runOnlyForDeploymentPostprocessing = 0;
		};
/* End PBXFrameworksBuildPhase section */

/* Begin PBXGroup section */
		178151AE1972F1240029EB87 = {
			isa = PBXGroup;
			children = (
				178F085D199BFF0E000448F9 /* CoreLocation.framework */,
				1798392C1989371D0047F859 /* Runalysis */,
				178D50ED1981AEE000173703 /* Runalysis-Bridging-Header.h */,
				17AF16B2198FCD9F00565322 /* RunalysisTests */,
				178151B81972F1240029EB87 /* Products */,
			);
			sourceTree = "<group>";
		};
		178151B81972F1240029EB87 /* Products */ = {
			isa = PBXGroup;
			children = (
				178151B71972F1240029EB87 /* Runalysis.app */,
				178151CC1972F1240029EB87 /* RunalysisTests.xctest */,
			);
			name = Products;
			sourceTree = "<group>";
		};
		1798392C1989371D0047F859 /* Runalysis */ = {
			isa = PBXGroup;
			children = (
				17C42C4319D47495007DBFCA /* WeekSummaryView.swift */,
				17C42C4619D49D06007DBFCA /* WeekSummaryCell.swift */,
				17B01BC019CE5F9800031121 /* NoteViewController.swift */,
				1798483319C8D9B600571D35 /* MileSummaryView.swift */,
				1798483119C7DB5A00571D35 /* VelocityDistributionView.swift */,
				1798482F19BF36D100571D35 /* RouteAnalysisView.swift */,
				17A49DC919B7B9C1002DAC82 /* RouteSummary.swift */,
				17CE2E0A19A6D12300303598 /* RoutePoint.swift */,
				17CE2E0819A6A04800303598 /* RunViewController.swift */,
				17CE2E0619A2490A00303598 /* RouteView.swift */,
				1743593A19A239E1000472AF /* RouteViewController.swift */,
				17435936199E783D000472AF /* Route.swift */,
				17435938199E799F000472AF /* RouteStore.swift */,
				178F085B199BFE83000448F9 /* RunView.swift */,
				17D5F2CE199A4B7E00D9AF80 /* NoteView.swift */,
				1773453A19910FA70038F304 /* JLDate.swift */,
				17983952198C2CE30047F859 /* HelpView.swift */,
				1798392D1989371D0047F859 /* AppDelegate.swift */,
				17B01BBE19CCF33100031121 /* AltitudeVelocityView.swift */,
				1798392E1989371D0047F859 /* Main.storyboard */,
				178B2EA71A37541B00021247 /* ConfigViewController.swift */,
				174B7F2B19D23A4000C87345 /* LaunchScreen.storyboard */,
				17C42C3119D23B2F007DBFCA /* LaunchViewController.swift */,
				179839301989371D0047F859 /* GlobalTheme.swift */,
				179839311989371D0047F859 /* Images.xcassets */,
				179839321989371D0047F859 /* Info.plist */,
				179839331989371D0047F859 /* Runalysis.xcdatamodeld */,
				179839351989371D0047F859 /* Mileage.swift */,
				179839371989371D0047F859 /* MileageStore.swift */,
				179839391989371D0047F859 /* RockerCell.swift */,
				1798393A1989371D0047F859 /* RockerStepper.swift */,
				1798393B1989371D0047F859 /* SummaryCell.swift */,
				1798393C1989371D0047F859 /* ViewController.swift */,
				1798393D1989371D0047F859 /* WeekHeader.swift */,
			);
			path = Runalysis;
			sourceTree = "<group>";
		};
		17AF16B2198FCD9F00565322 /* RunalysisTests */ = {
			isa = PBXGroup;
			children = (
				1773453F199122CA0038F304 /* MileageStoreMock.swift */,
				1773453D199112900038F304 /* JLDateTests.swift */,
				17AF16B3198FCD9F00565322 /* Info.plist */,
				17AF16B4198FCD9F00565322 /* RunalysisTests.swift */,
				17068D4119E5CA4D002A5821 /* RouteStoreMock.swift */,
				17068D4319E5CDA6002A5821 /* RouteSummaryTests.swift */,
			);
			path = RunalysisTests;
			sourceTree = "<group>";
		};
/* End PBXGroup section */

/* Begin PBXNativeTarget section */
		178151B61972F1240029EB87 /* Runalysis */ = {
			isa = PBXNativeTarget;
			buildConfigurationList = 178151D61972F1240029EB87 /* Build configuration list for PBXNativeTarget "Runalysis" */;
			buildPhases = (
				178151B31972F1240029EB87 /* Sources */,
				178151B41972F1240029EB87 /* Frameworks */,
				178151B51972F1240029EB87 /* Resources */,
			);
			buildRules = (
			);
			dependencies = (
			);
			name = Runalysis;
			productName = Runalysis;
			productReference = 178151B71972F1240029EB87 /* Runalysis.app */;
			productType = "com.apple.product-type.application";
		};
		178151CB1972F1240029EB87 /* RunalysisTests */ = {
			isa = PBXNativeTarget;
			buildConfigurationList = 178151D91972F1240029EB87 /* Build configuration list for PBXNativeTarget "RunalysisTests" */;
			buildPhases = (
				178151C81972F1240029EB87 /* Sources */,
				178151C91972F1240029EB87 /* Frameworks */,
				178151CA1972F1240029EB87 /* Resources */,
			);
			buildRules = (
			);
			dependencies = (
				178151CE1972F1240029EB87 /* PBXTargetDependency */,
			);
			name = RunalysisTests;
			productName = RunalysisTests;
			productReference = 178151CC1972F1240029EB87 /* RunalysisTests.xctest */;
			productType = "com.apple.product-type.bundle.unit-test";
		};
/* End PBXNativeTarget section */

/* Begin PBXProject section */
		178151AF1972F1240029EB87 /* Project object */ = {
			isa = PBXProject;
			attributes = {
				LastUpgradeCheck = 0600;
				ORGANIZATIONNAME = "Kevin Hankens";
				TargetAttributes = {
					178151B61972F1240029EB87 = {
						CreatedOnToolsVersion = 6.0;
						DevelopmentTeam = 4CV5ERH6SG;
						SystemCapabilities = {
							com.apple.BackgroundModes = {
								enabled = 1;
							};
						};
					};
					178151CB1972F1240029EB87 = {
						CreatedOnToolsVersion = 6.0;
						TestTargetID = 178151B61972F1240029EB87;
					};
				};
			};
			buildConfigurationList = 178151B21972F1240029EB87 /* Build configuration list for PBXProject "Runalysis" */;
			compatibilityVersion = "Xcode 3.2";
			developmentRegion = English;
			hasScannedForEncodings = 0;
			knownRegions = (
				en,
				Base,
			);
			mainGroup = 178151AE1972F1240029EB87;
			productRefGroup = 178151B81972F1240029EB87 /* Products */;
			projectDirPath = "";
			projectRoot = "";
			targets = (
				178151B61972F1240029EB87 /* Runalysis */,
				178151CB1972F1240029EB87 /* RunalysisTests */,
			);
		};
/* End PBXProject section */

/* Begin PBXResourcesBuildPhase section */
		178151B51972F1240029EB87 /* Resources */ = {
			isa = PBXResourcesBuildPhase;
			buildActionMask = 2147483647;
			files = (
				174B7F2C19D23A4000C87345 /* LaunchScreen.storyboard in Resources */,
				179839411989371D0047F859 /* Images.xcassets in Resources */,
				17983951198A86320047F859 /* Main.storyboard in Resources */,
			);
			runOnlyForDeploymentPostprocessing = 0;
		};
		178151CA1972F1240029EB87 /* Resources */ = {
			isa = PBXResourcesBuildPhase;
			buildActionMask = 2147483647;
			files = (
			);
			runOnlyForDeploymentPostprocessing = 0;
		};
/* End PBXResourcesBuildPhase section */

/* Begin PBXSourcesBuildPhase section */
		178151B31972F1240029EB87 /* Sources */ = {
			isa = PBXSourcesBuildPhase;
			buildActionMask = 2147483647;
			files = (
				1798394C1989371D0047F859 /* WeekHeader.swift in Sources */,
				17983953198C2CE30047F859 /* HelpView.swift in Sources */,
				17A49DCA19B7B9C1002DAC82 /* RouteSummary.swift in Sources */,
				1743593B19A239E1000472AF /* RouteViewController.swift in Sources */,
				17B01BBF19CCF33100031121 /* AltitudeVelocityView.swift in Sources */,
				179839461989371D0047F859 /* MileageStore.swift in Sources */,
				17435937199E783D000472AF /* Route.swift in Sources */,
				1798483219C7DB5A00571D35 /* VelocityDistributionView.swift in Sources */,
				17C42C4719D49D06007DBFCA /* WeekSummaryCell.swift in Sources */,
				17C42C4419D47496007DBFCA /* WeekSummaryView.swift in Sources */,
				1798394B1989371D0047F859 /* ViewController.swift in Sources */,
				1798483019BF36D100571D35 /* RouteAnalysisView.swift in Sources */,
				17CE2E0919A6A04800303598 /* RunViewController.swift in Sources */,
				17435939199E799F000472AF /* RouteStore.swift in Sources */,
				179839431989371D0047F859 /* Runalysis.xcdatamodeld in Sources */,
				1773453C19910FB80038F304 /* JLDate.swift in Sources */,
				17B01BC119CE5F9800031121 /* NoteViewController.swift in Sources */,
				179839401989371D0047F859 /* GlobalTheme.swift in Sources */,
				1798483419C8D9B600571D35 /* MileSummaryView.swift in Sources */,
				1798393E1989371D0047F859 /* AppDelegate.swift in Sources */,
				179839441989371D0047F859 /* Mileage.swift in Sources */,
				17CE2E0B19A6D12300303598 /* RoutePoint.swift in Sources */,
				178F085C199BFE83000448F9 /* RunView.swift in Sources */,
				17CE2E0719A2490A00303598 /* RouteView.swift in Sources */,
				17C42C3219D23B2F007DBFCA /* LaunchViewController.swift in Sources */,
				17D5F2CF199A4B7E00D9AF80 /* NoteView.swift in Sources */,
				178B2EA81A37541B00021247 /* ConfigViewController.swift in Sources */,
			);
			runOnlyForDeploymentPostprocessing = 0;
		};
		178151C81972F1240029EB87 /* Sources */ = {
			isa = PBXSourcesBuildPhase;
			buildActionMask = 2147483647;
			files = (
				17AF16BB198FEC6F00565322 /* HelpView.swift in Sources */,
				17C42C4119D31B1E007DBFCA /* LaunchViewController.swift in Sources */,
				17C42C3819D31AF8007DBFCA /* RouteAnalysisView.swift in Sources */,
				17068D4419E5CDA6002A5821 /* RouteSummaryTests.swift in Sources */,
				17AF16BC198FEC6F00565322 /* AppDelegate.swift in Sources */,
				17AF16BD198FEC6F00565322 /* GlobalTheme.swift in Sources */,
				178B2EA91A37541B00021247 /* ConfigViewController.swift in Sources */,
				17AF16BE198FEC6F00565322 /* Images.xcassets in Sources */,
				17AF16BF198FEC6F00565322 /* Info.plist in Sources */,
				17AF16C0198FEC6F00565322 /* Runalysis.xcdatamodeld in Sources */,
				17C42C3619D31AF2007DBFCA /* MileSummaryView.swift in Sources */,
				17C42C3D19D31B06007DBFCA /* RouteViewController.swift in Sources */,
				17C42C3C19D31B03007DBFCA /* RouteView.swift in Sources */,
				17AF16C1198FEC6F00565322 /* Mileage.swift in Sources */,
				17AF16C3198FEC6F00565322 /* MileageStore.swift in Sources */,
				17AF16C6198FEC6F00565322 /* ViewController.swift in Sources */,
				1773453B19910FA70038F304 /* JLDate.swift in Sources */,
				17C42C4519D47496007DBFCA /* WeekSummaryView.swift in Sources */,
				17AF16C7198FEC6F00565322 /* WeekHeader.swift in Sources */,
				17C42C4019D31B19007DBFCA /* AltitudeVelocityView.swift in Sources */,
				17C42C3919D31AFB007DBFCA /* RouteSummary.swift in Sources */,
				17C42C3419D31AEA007DBFCA /* Route.swift in Sources */,
				17C42C4819D49D06007DBFCA /* WeekSummaryCell.swift in Sources */,
				17C42C3519D31AEF007DBFCA /* NoteViewController.swift in Sources */,
				17C42C3B19D31B00007DBFCA /* RunViewController.swift in Sources */,
				17C42C3E19D31B0D007DBFCA /* RunView.swift in Sources */,
				17068D4219E5CA4D002A5821 /* RouteStoreMock.swift in Sources */,
				17C42C3319D31A8E007DBFCA /* RouteStore.swift in Sources */,
				17C42C3719D31AF5007DBFCA /* VelocityDistributionView.swift in Sources */,
				17C42C3F19D31B0F007DBFCA /* NoteView.swift in Sources */,
				17AF16B6198FCD9F00565322 /* RunalysisTests.swift in Sources */,
				17734541199122CA0038F304 /* MileageStoreMock.swift in Sources */,
				1773453E199112900038F304 /* JLDateTests.swift in Sources */,
				17C42C3A19D31AFE007DBFCA /* RoutePoint.swift in Sources */,
			);
			runOnlyForDeploymentPostprocessing = 0;
		};
/* End PBXSourcesBuildPhase section */

/* Begin PBXTargetDependency section */
		178151CE1972F1240029EB87 /* PBXTargetDependency */ = {
			isa = PBXTargetDependency;
			target = 178151B61972F1240029EB87 /* Runalysis */;
			targetProxy = 178151CD1972F1240029EB87 /* PBXContainerItemProxy */;
		};
/* End PBXTargetDependency section */

/* Begin PBXVariantGroup section */
		1798392E1989371D0047F859 /* Main.storyboard */ = {
			isa = PBXVariantGroup;
			children = (
				1798392F1989371D0047F859 /* Base */,
			);
			name = Main.storyboard;
			sourceTree = "<group>";
		};
/* End PBXVariantGroup section */

/* Begin XCBuildConfiguration section */
		178151D41972F1240029EB87 /* Debug */ = {
			isa = XCBuildConfiguration;
			buildSettings = {
				ALWAYS_SEARCH_USER_PATHS = NO;
				CLANG_CXX_LANGUAGE_STANDARD = "gnu++0x";
				CLANG_CXX_LIBRARY = "libc++";
				CLANG_ENABLE_MODULES = YES;
				CLANG_ENABLE_OBJC_ARC = YES;
				CLANG_WARN_BOOL_CONVERSION = YES;
				CLANG_WARN_CONSTANT_CONVERSION = YES;
				CLANG_WARN_DIRECT_OBJC_ISA_USAGE = YES_ERROR;
				CLANG_WARN_EMPTY_BODY = YES;
				CLANG_WARN_ENUM_CONVERSION = YES;
				CLANG_WARN_INT_CONVERSION = YES;
				CLANG_WARN_OBJC_ROOT_CLASS = YES_ERROR;
				CLANG_WARN_UNREACHABLE_CODE = YES;
				CLANG_WARN__DUPLICATE_METHOD_MATCH = YES;
				"CODE_SIGN_IDENTITY[sdk=iphoneos*]" = "iPhone Developer";
				COPY_PHASE_STRIP = NO;
				ENABLE_STRICT_OBJC_MSGSEND = YES;
				GCC_C_LANGUAGE_STANDARD = gnu99;
				GCC_DYNAMIC_NO_PIC = NO;
				GCC_OPTIMIZATION_LEVEL = 0;
				GCC_PREPROCESSOR_DEFINITIONS = (
					"DEBUG=1",
					"$(inherited)",
				);
				GCC_SYMBOLS_PRIVATE_EXTERN = NO;
				GCC_WARN_64_TO_32_BIT_CONVERSION = YES;
				GCC_WARN_ABOUT_RETURN_TYPE = YES_ERROR;
				GCC_WARN_UNDECLARED_SELECTOR = YES;
				GCC_WARN_UNINITIALIZED_AUTOS = YES_AGGRESSIVE;
				GCC_WARN_UNUSED_FUNCTION = YES;
				GCC_WARN_UNUSED_VARIABLE = YES;
				IPHONEOS_DEPLOYMENT_TARGET = 8.0;
				MTL_ENABLE_DEBUG_INFO = YES;
				ONLY_ACTIVE_ARCH = YES;
				SDKROOT = iphoneos;
				SWIFT_OPTIMIZATION_LEVEL = "-Onone";
				TARGETED_DEVICE_FAMILY = "1,2";
			};
			name = Debug;
		};
		178151D51972F1240029EB87 /* Release */ = {
			isa = XCBuildConfiguration;
			buildSettings = {
				ALWAYS_SEARCH_USER_PATHS = NO;
				CLANG_CXX_LANGUAGE_STANDARD = "gnu++0x";
				CLANG_CXX_LIBRARY = "libc++";
				CLANG_ENABLE_MODULES = YES;
				CLANG_ENABLE_OBJC_ARC = YES;
				CLANG_WARN_BOOL_CONVERSION = YES;
				CLANG_WARN_CONSTANT_CONVERSION = YES;
				CLANG_WARN_DIRECT_OBJC_ISA_USAGE = YES_ERROR;
				CLANG_WARN_EMPTY_BODY = YES;
				CLANG_WARN_ENUM_CONVERSION = YES;
				CLANG_WARN_INT_CONVERSION = YES;
				CLANG_WARN_OBJC_ROOT_CLASS = YES_ERROR;
				CLANG_WARN_UNREACHABLE_CODE = YES;
				CLANG_WARN__DUPLICATE_METHOD_MATCH = YES;
				"CODE_SIGN_IDENTITY[sdk=iphoneos*]" = "iPhone Developer";
				COPY_PHASE_STRIP = YES;
				ENABLE_NS_ASSERTIONS = NO;
				ENABLE_STRICT_OBJC_MSGSEND = YES;
				GCC_C_LANGUAGE_STANDARD = gnu99;
				GCC_WARN_64_TO_32_BIT_CONVERSION = YES;
				GCC_WARN_ABOUT_RETURN_TYPE = YES_ERROR;
				GCC_WARN_UNDECLARED_SELECTOR = YES;
				GCC_WARN_UNINITIALIZED_AUTOS = YES_AGGRESSIVE;
				GCC_WARN_UNUSED_FUNCTION = YES;
				GCC_WARN_UNUSED_VARIABLE = YES;
				IPHONEOS_DEPLOYMENT_TARGET = 8.0;
				MTL_ENABLE_DEBUG_INFO = NO;
				SDKROOT = iphoneos;
				TARGETED_DEVICE_FAMILY = "1,2";
				VALIDATE_PRODUCT = YES;
			};
			name = Release;
		};
		178151D71972F1240029EB87 /* Debug */ = {
			isa = XCBuildConfiguration;
			buildSettings = {
				ASSETCATALOG_COMPILER_APPICON_NAME = AppIcon;
				ASSETCATALOG_COMPILER_LAUNCHIMAGE_NAME = LaunchImage;
				CLANG_ENABLE_MODULES = YES;
				CODE_SIGN_IDENTITY = "iPhone Developer";
				"CODE_SIGN_IDENTITY[sdk=iphoneos*]" = "iPhone Developer";
				DEFINES_MODULE = NO;
				INFOPLIST_FILE = Runalysis/Info.plist;
				"INFOPLIST_FILE[sdk=*]" = Runalysis/Info.plist;
				IPHONEOS_DEPLOYMENT_TARGET = 7.1;
				LD_RUNPATH_SEARCH_PATHS = "$(inherited) @executable_path/Frameworks";
				PRODUCT_NAME = Runalysis;
				PROVISIONING_PROFILE = "";
				SWIFT_OBJC_BRIDGING_HEADER = "Runalysis-Bridging-Header.h";
				SWIFT_OPTIMIZATION_LEVEL = "-Onone";
				TARGETED_DEVICE_FAMILY = 1;
			};
			name = Debug;
		};
		178151D81972F1240029EB87 /* Release */ = {
			isa = XCBuildConfiguration;
			buildSettings = {
				ASSETCATALOG_COMPILER_APPICON_NAME = AppIcon;
				ASSETCATALOG_COMPILER_LAUNCHIMAGE_NAME = LaunchImage;
				CLANG_ENABLE_MODULES = YES;
				CODE_SIGN_IDENTITY = "iPhone Developer";
				"CODE_SIGN_IDENTITY[sdk=iphoneos*]" = "iPhone Developer";
				DEFINES_MODULE = NO;
				INFOPLIST_FILE = Runalysis/Info.plist;
				"INFOPLIST_FILE[sdk=*]" = Runalysis/Info.plist;
				IPHONEOS_DEPLOYMENT_TARGET = 7.1;
				LD_RUNPATH_SEARCH_PATHS = "$(inherited) @executable_path/Frameworks";
				PRODUCT_NAME = Runalysis;
				PROVISIONING_PROFILE = "";
				SWIFT_OBJC_BRIDGING_HEADER = "Runalysis-Bridging-Header.h";
				TARGETED_DEVICE_FAMILY = 1;
			};
			name = Release;
		};
		178151DA1972F1240029EB87 /* Debug */ = {
			isa = XCBuildConfiguration;
			buildSettings = {
				FRAMEWORK_SEARCH_PATHS = (
					"$(SDKROOT)/Developer/Library/Frameworks",
					"$(inherited)",
				);
				GCC_PREPROCESSOR_DEFINITIONS = (
					"DEBUG=1",
					"$(inherited)",
				);
				INFOPLIST_FILE = RunalysisTests/Info.plist;
				LD_RUNPATH_SEARCH_PATHS = "$(inherited) @executable_path/Frameworks @loader_path/Frameworks";
				PRODUCT_NAME = RunalysisTests;
				STRIP_STYLE = "non-global";
				SWIFT_OBJC_BRIDGING_HEADER = "Runalysis-Bridging-Header.h";
				SWIFT_OPTIMIZATION_LEVEL = "-O";
				TEST_HOST = "$(BUNDLE_LOADER)";
			};
			name = Debug;
		};
		178151DB1972F1240029EB87 /* Release */ = {
			isa = XCBuildConfiguration;
			buildSettings = {
				FRAMEWORK_SEARCH_PATHS = (
					"$(SDKROOT)/Developer/Library/Frameworks",
					"$(inherited)",
				);
				INFOPLIST_FILE = RunalysisTests/Info.plist;
				LD_RUNPATH_SEARCH_PATHS = "$(inherited) @executable_path/Frameworks @loader_path/Frameworks";
				PRODUCT_NAME = RunalysisTests;
				STRIP_STYLE = "non-global";
				SWIFT_OBJC_BRIDGING_HEADER = "Runalysis-Bridging-Header.h";
				TEST_HOST = "$(BUNDLE_LOADER)";
			};
			name = Release;
		};
/* End XCBuildConfiguration section */

/* Begin XCConfigurationList section */
		178151B21972F1240029EB87 /* Build configuration list for PBXProject "Runalysis" */ = {
			isa = XCConfigurationList;
			buildConfigurations = (
				178151D41972F1240029EB87 /* Debug */,
				178151D51972F1240029EB87 /* Release */,
			);
			defaultConfigurationIsVisible = 0;
			defaultConfigurationName = Release;
		};
		178151D61972F1240029EB87 /* Build configuration list for PBXNativeTarget "Runalysis" */ = {
			isa = XCConfigurationList;
			buildConfigurations = (
				178151D71972F1240029EB87 /* Debug */,
				178151D81972F1240029EB87 /* Release */,
			);
			defaultConfigurationIsVisible = 0;
			defaultConfigurationName = Release;
		};
		178151D91972F1240029EB87 /* Build configuration list for PBXNativeTarget "RunalysisTests" */ = {
			isa = XCConfigurationList;
			buildConfigurations = (
				178151DA1972F1240029EB87 /* Debug */,
				178151DB1972F1240029EB87 /* Release */,
			);
			defaultConfigurationIsVisible = 0;
			defaultConfigurationName = Release;
		};
/* End XCConfigurationList section */

/* Begin XCVersionGroup section */
		179839331989371D0047F859 /* Runalysis.xcdatamodeld */ = {
			isa = XCVersionGroup;
			children = (
				1795533E19CB61A3007DC033 /* Runalysis1.xcdatamodel */,
				1795533F19CC79AF007DC033 /* Runalysis2.xcdatamodel */,
				179839341989371D0047F859 /* Runalysis.xcdatamodel */,
			);
			currentVersion = 1795533F19CC79AF007DC033 /* Runalysis2.xcdatamodel */;
			path = Runalysis.xcdatamodeld;
			sourceTree = "<group>";
			versionGroupType = wrapper.xcdatamodel;
		};
/* End XCVersionGroup section */
	};
	rootObject = 178151AF1972F1240029EB87 /* Project object */;
}
